<?xml version="1.0" encoding="utf-8"?>
<Project ToolsVersion="16.0" xmlns="http://schemas.microsoft.com/developer/msbuild/2003">
  <ItemGroup>
    <CustomBuild Include="C:\_git\PhysX\physx\compiler\vc16win64\CMakeFiles\f3a37fbe1cab3bdf3a6dbe5f394247a8\INSTALL_force.rule">
      <Filter>CMake Rules</Filter>
    </CustomBuild>
  </ItemGroup>
  <ItemGroup>
    <Filter Include="CMake Rules">
      <UniqueIdentifier>{217DE735-29EC-3C4D-BA8D-E12792D73684}</UniqueIdentifier>
    </Filter>
  </ItemGroup>
</Project>
