
Microsoft Visual Studio Solution File, Format Version 12.00
# Visual Studio Version 16
Project("{2150E333-8FDC-42A3-9474-1A3956D46DE8}") = "CMakePredefinedTargets", "CMakePredefinedTargets", "{5F1B4AE8-F7BB-3B61-954D-CA9EFB2B41C9}"
EndProject
Project("{2150E333-8FDC-42A3-9474-1A3956D46DE8}") = "PhysX SDK", "PhysX SDK", "{72208B6B-31FA-3D3C-90DF-4490AFCF33F5}"
EndProject
Project("{2150E333-8FDC-42A3-9474-1A3956D46DE8}") = "Snippets", "Snippets", "{B321517E-713F-31CE-B30F-0DCC3BB30738}"
EndProject
Project("{2150E333-8FDC-42A3-9474-1A3956D46DE8}") = "Libraries only", "Snippets\Libraries only", "{ADAC77EF-2064-34A6-9D77-3F9203D35A7E}"
EndProject
Project("{8BC9CEB8-8B4A-11D0-8D11-00A0C91BC942}") = "ALL_BUILD", "ALL_BUILD.vcxproj", "{EAC888F4-2643-308B-BB69-4331FA6FDFC6}"
	ProjectSection(ProjectDependencies) = postProject
		{C55B9DBC-4CCA-3CCE-BBD5-429C65FD3646} = {C55B9DBC-4CCA-3CCE-BBD5-429C65FD3646}
		{6446E8C5-5199-301C-A72C-BDB8AB351038} = {6446E8C5-5199-301C-A72C-BDB8AB351038}
		{28791DB1-2A10-32C3-A07F-F23E44AE94FF} = {28791DB1-2A10-32C3-A07F-F23E44AE94FF}
		{F2338BF0-2633-377D-84B3-0E2138B64F9A} = {F2338BF0-2633-377D-84B3-0E2138B64F9A}
		{9B849523-8BAA-3545-99E6-F682311B10A1} = {9B849523-8BAA-3545-99E6-F682311B10A1}
		{8A26A98F-B8FD-31D5-94FB-0CFB08651307} = {8A26A98F-B8FD-31D5-94FB-0CFB08651307}
		{B2AF3020-BD49-3685-890C-495D05FA437E} = {B2AF3020-BD49-3685-890C-495D05FA437E}
		{C6552FCA-45A5-340C-86CF-75E4DB0A6781} = {C6552FCA-45A5-340C-86CF-75E4DB0A6781}
		{05A48E5F-9D11-3AA4-A738-99AAAEFE0F8E} = {05A48E5F-9D11-3AA4-A738-99AAAEFE0F8E}
		{8C47CCDA-8AF2-361B-BC62-40F03794FC68} = {8C47CCDA-8AF2-361B-BC62-40F03794FC68}
		{AEEDD102-F5BE-374A-970E-5DD573407BA8} = {AEEDD102-F5BE-374A-970E-5DD573407BA8}
		{3C722FAC-B160-31DB-A56E-4934132E5E41} = {3C722FAC-B160-31DB-A56E-4934132E5E41}
		{596AD24B-F27A-3453-9BB4-396159E2C777} = {596AD24B-F27A-3453-9BB4-396159E2C777}
		{68BEA3FF-A79F-307B-BDA0-D24C89C044CA} = {68BEA3FF-A79F-307B-BDA0-D24C89C044CA}
		{BD62962A-694B-3BFD-A75F-F30143EAA1AA} = {BD62962A-694B-3BFD-A75F-F30143EAA1AA}
		{DCDCA843-B2B6-34EA-B4DE-C4000585DB87} = {DCDCA843-B2B6-34EA-B4DE-C4000585DB87}
		{7D2A2EE8-B04C-3C51-870E-4F37B0FD7795} = {7D2A2EE8-B04C-3C51-870E-4F37B0FD7795}
		{50438368-5192-3AAD-A5F8-1623157838CF} = {50438368-5192-3AAD-A5F8-1623157838CF}
		{DA4F59C4-9CA1-3D96-BF6C-A08B830DE467} = {DA4F59C4-9CA1-3D96-BF6C-A08B830DE467}
		{31B964F7-E554-3D49-9F76-8D15BD046BC2} = {31B964F7-E554-3D49-9F76-8D15BD046BC2}
		{A9453722-C341-3BC9-9CBD-83E970CB7711} = {A9453722-C341-3BC9-9CBD-83E970CB7711}
		{02C16C25-833D-350A-8A0C-FAF2475BB4D2} = {02C16C25-833D-350A-8A0C-FAF2475BB4D2}
		{AF7DCCAB-9CC1-3029-93F0-B88149A98EA1} = {AF7DCCAB-9CC1-3029-93F0-B88149A98EA1}
		{3701FFB9-86FE-376D-952E-D6170BFF0675} = {3701FFB9-86FE-376D-952E-D6170BFF0675}
		{6A02FBD8-49EB-30EE-ADEB-F37BBF90F6E5} = {6A02FBD8-49EB-30EE-ADEB-F37BBF90F6E5}
		{DAADE0B8-8411-373E-8EB8-E6C1CF9AC2E4} = {DAADE0B8-8411-373E-8EB8-E6C1CF9AC2E4}
		{B2474C6E-8FFE-3FC4-9C7E-0E4169654455} = {B2474C6E-8FFE-3FC4-9C7E-0E4169654455}
		{C4B9FF4A-9EE9-3110-A1D4-1C9122297B53} = {C4B9FF4A-9EE9-3110-A1D4-1C9122297B53}
		{3BF656FE-B9B1-396F-88CA-2286C6357827} = {3BF656FE-B9B1-396F-88CA-2286C6357827}
		{3EC05C9A-91B5-3622-9AFD-B9E3E7267AD8} = {3EC05C9A-91B5-3622-9AFD-B9E3E7267AD8}
		{FF1AEB04-A440-318B-A334-B39BEAB70066} = {FF1AEB04-A440-318B-A334-B39BEAB70066}
		{5ED5D6FF-8637-3391-9FB5-63B916195972} = {5ED5D6FF-8637-3391-9FB5-63B916195972}
		{0C360622-DC1A-34D1-A608-B94455F0C410} = {0C360622-DC1A-34D1-A608-B94455F0C410}
		{44711C2B-EE9B-3B04-B78C-CF9EEE237A8C} = {44711C2B-EE9B-3B04-B78C-CF9EEE237A8C}
		{F92B29C1-43A9-3AC2-8748-E8C7140BB1E9} = {F92B29C1-43A9-3AC2-8748-E8C7140BB1E9}
		{6A63900C-2C97-39E8-B209-FE2177915933} = {6A63900C-2C97-39E8-B209-FE2177915933}
		{4B903F6A-D20E-3C83-814B-66710B9DCD7F} = {4B903F6A-D20E-3C83-814B-66710B9DCD7F}
		{A84EB34C-5311-3B38-A757-F1BEE64D8A17} = {A84EB34C-5311-3B38-A757-F1BEE64D8A17}
	EndProjectSection
EndProject
Project("{8BC9CEB8-8B4A-11D0-8D11-00A0C91BC942}") = "FastXml", "..\sdk_source_bin\FastXml.vcxproj", "{B3307CF2-B838-3FD2-AEF4-EDFEAD437BDD}"
	ProjectSection(ProjectDependencies) = postProject
		{A84EB34C-5311-3B38-A757-F1BEE64D8A17} = {A84EB34C-5311-3B38-A757-F1BEE64D8A17}
	EndProjectSection
EndProject
Project("{8BC9CEB8-8B4A-11D0-8D11-00A0C91BC942}") = "INSTALL", "INSTALL.vcxproj", "{F89A9281-28C2-3409-A4F9-5B82E8C96863}"
	ProjectSection(ProjectDependencies) = postProject
		{EAC888F4-2643-308B-BB69-4331FA6FDFC6} = {EAC888F4-2643-308B-BB69-4331FA6FDFC6}
		{A84EB34C-5311-3B38-A757-F1BEE64D8A17} = {A84EB34C-5311-3B38-A757-F1BEE64D8A17}
	EndProjectSection
EndProject
Project("{8BC9CEB8-8B4A-11D0-8D11-00A0C91BC942}") = "LowLevel", "..\sdk_source_bin\LowLevel.vcxproj", "{CD7CDA36-F4C1-3CD2-8D8A-8967F22D7A7C}"
	ProjectSection(ProjectDependencies) = postProject
		{A84EB34C-5311-3B38-A757-F1BEE64D8A17} = {A84EB34C-5311-3B38-A757-F1BEE64D8A17}
	EndProjectSection
EndProject
Project("{8BC9CEB8-8B4A-11D0-8D11-00A0C91BC942}") = "LowLevelAABB", "..\sdk_source_bin\LowLevelAABB.vcxproj", "{3D27752A-1739-3378-8B37-7A31F1DA68D3}"
	ProjectSection(ProjectDependencies) = postProject
		{A84EB34C-5311-3B38-A757-F1BEE64D8A17} = {A84EB34C-5311-3B38-A757-F1BEE64D8A17}
	EndProjectSection
EndProject
Project("{8BC9CEB8-8B4A-11D0-8D11-00A0C91BC942}") = "LowLevelDynamics", "..\sdk_source_bin\LowLevelDynamics.vcxproj", "{30149D23-6771-3E0E-8A18-8440ACE4DEF3}"
	ProjectSection(ProjectDependencies) = postProject
		{A84EB34C-5311-3B38-A757-F1BEE64D8A17} = {A84EB34C-5311-3B38-A757-F1BEE64D8A17}
	EndProjectSection
EndProject
Project("{8BC9CEB8-8B4A-11D0-8D11-00A0C91BC942}") = "PhysX", "..\sdk_source_bin\PhysX.vcxproj", "{952222D0-935B-3B06-A4E6-8B5D5A0FE69F}"
	ProjectSection(ProjectDependencies) = postProject
		{CD7CDA36-F4C1-3CD2-8D8A-8967F22D7A7C} = {CD7CDA36-F4C1-3CD2-8D8A-8967F22D7A7C}
		{3D27752A-1739-3378-8B37-7A31F1DA68D3} = {3D27752A-1739-3378-8B37-7A31F1DA68D3}
		{30149D23-6771-3E0E-8A18-8440ACE4DEF3} = {30149D23-6771-3E0E-8A18-8440ACE4DEF3}
		{4CEEC93C-74E5-330A-99A9-38A7C485AF34} = {4CEEC93C-74E5-330A-99A9-38A7C485AF34}
		{426E1F85-29F6-3BEC-B82F-8C99F70D8E69} = {426E1F85-29F6-3BEC-B82F-8C99F70D8E69}
		{BC525BA2-953B-338B-AD0C-833B87CE0EA5} = {BC525BA2-953B-338B-AD0C-833B87CE0EA5}
		{B86B79E3-33F9-39F9-9CA6-B7E7302399F9} = {B86B79E3-33F9-39F9-9CA6-B7E7302399F9}
		{34FB0F6E-6BC5-333E-8EFC-89F61D07998D} = {34FB0F6E-6BC5-333E-8EFC-89F61D07998D}
		{EE47B57C-6B2B-377A-ACED-2B04F65B6981} = {EE47B57C-6B2B-377A-ACED-2B04F65B6981}
		{A84EB34C-5311-3B38-A757-F1BEE64D8A17} = {A84EB34C-5311-3B38-A757-F1BEE64D8A17}
	EndProjectSection
EndProject
Project("{8BC9CEB8-8B4A-11D0-8D11-00A0C91BC942}") = "PhysXCharacterKinematic", "..\sdk_source_bin\PhysXCharacterKinematic.vcxproj", "{F86EEC66-5E77-31AA-8206-E66A468D908A}"
	ProjectSection(ProjectDependencies) = postProject
		{426E1F85-29F6-3BEC-B82F-8C99F70D8E69} = {426E1F85-29F6-3BEC-B82F-8C99F70D8E69}
		{A84EB34C-5311-3B38-A757-F1BEE64D8A17} = {A84EB34C-5311-3B38-A757-F1BEE64D8A17}
	EndProjectSection
EndProject
Project("{8BC9CEB8-8B4A-11D0-8D11-00A0C91BC942}") = "PhysXCommon", "..\sdk_source_bin\PhysXCommon.vcxproj", "{4CEEC93C-74E5-330A-99A9-38A7C485AF34}"
	ProjectSection(ProjectDependencies) = postProject
		{426E1F85-29F6-3BEC-B82F-8C99F70D8E69} = {426E1F85-29F6-3BEC-B82F-8C99F70D8E69}
		{A84EB34C-5311-3B38-A757-F1BEE64D8A17} = {A84EB34C-5311-3B38-A757-F1BEE64D8A17}
	EndProjectSection
EndProject
Project("{8BC9CEB8-8B4A-11D0-8D11-00A0C91BC942}") = "PhysXCooking", "..\sdk_source_bin\PhysXCooking.vcxproj", "{7B4FAEAB-280D-3181-B868-EA50436D338E}"
	ProjectSection(ProjectDependencies) = postProject
		{4CEEC93C-74E5-330A-99A9-38A7C485AF34} = {4CEEC93C-74E5-330A-99A9-38A7C485AF34}
		{426E1F85-29F6-3BEC-B82F-8C99F70D8E69} = {426E1F85-29F6-3BEC-B82F-8C99F70D8E69}
		{A84EB34C-5311-3B38-A757-F1BEE64D8A17} = {A84EB34C-5311-3B38-A757-F1BEE64D8A17}
	EndProjectSection
EndProject
Project("{8BC9CEB8-8B4A-11D0-8D11-00A0C91BC942}") = "PhysXExtensions", "..\sdk_source_bin\PhysXExtensions.vcxproj", "{E24D82A1-1D0E-370A-BE2D-464B87D57E9B}"
	ProjectSection(ProjectDependencies) = postProject
		{B3307CF2-B838-3FD2-AEF4-EDFEAD437BDD} = {B3307CF2-B838-3FD2-AEF4-EDFEAD437BDD}
		{952222D0-935B-3B06-A4E6-8B5D5A0FE69F} = {952222D0-935B-3B06-A4E6-8B5D5A0FE69F}
		{426E1F85-29F6-3BEC-B82F-8C99F70D8E69} = {426E1F85-29F6-3BEC-B82F-8C99F70D8E69}
		{BC525BA2-953B-338B-AD0C-833B87CE0EA5} = {BC525BA2-953B-338B-AD0C-833B87CE0EA5}
		{A84EB34C-5311-3B38-A757-F1BEE64D8A17} = {A84EB34C-5311-3B38-A757-F1BEE64D8A17}
	EndProjectSection
EndProject
Project("{8BC9CEB8-8B4A-11D0-8D11-00A0C91BC942}") = "PhysXFoundation", "..\sdk_source_bin\PhysXFoundation.vcxproj", "{426E1F85-29F6-3BEC-B82F-8C99F70D8E69}"
	ProjectSection(ProjectDependencies) = postProject
		{A84EB34C-5311-3B38-A757-F1BEE64D8A17} = {A84EB34C-5311-3B38-A757-F1BEE64D8A17}
	EndProjectSection
EndProject
Project("{8BC9CEB8-8B4A-11D0-8D11-00A0C91BC942}") = "PhysXPvdSDK", "..\sdk_source_bin\PhysXPvdSDK.vcxproj", "{BC525BA2-953B-338B-AD0C-833B87CE0EA5}"
	ProjectSection(ProjectDependencies) = postProject
		{426E1F85-29F6-3BEC-B82F-8C99F70D8E69} = {426E1F85-29F6-3BEC-B82F-8C99F70D8E69}
		{A84EB34C-5311-3B38-A757-F1BEE64D8A17} = {A84EB34C-5311-3B38-A757-F1BEE64D8A17}
	EndProjectSection
EndProject
Project("{8BC9CEB8-8B4A-11D0-8D11-00A0C91BC942}") = "PhysXTask", "..\sdk_source_bin\PhysXTask.vcxproj", "{B86B79E3-33F9-39F9-9CA6-B7E7302399F9}"
	ProjectSection(ProjectDependencies) = postProject
		{A84EB34C-5311-3B38-A757-F1BEE64D8A17} = {A84EB34C-5311-3B38-A757-F1BEE64D8A17}
	EndProjectSection
EndProject
Project("{8BC9CEB8-8B4A-11D0-8D11-00A0C91BC942}") = "PhysXVehicle", "..\sdk_source_bin\PhysXVehicle.vcxproj", "{5CE3D047-6CE8-3A93-B4D0-69D28BD7DE0B}"
	ProjectSection(ProjectDependencies) = postProject
		{426E1F85-29F6-3BEC-B82F-8C99F70D8E69} = {426E1F85-29F6-3BEC-B82F-8C99F70D8E69}
		{BC525BA2-953B-338B-AD0C-833B87CE0EA5} = {BC525BA2-953B-338B-AD0C-833B87CE0EA5}
		{A84EB34C-5311-3B38-A757-F1BEE64D8A17} = {A84EB34C-5311-3B38-A757-F1BEE64D8A17}
	EndProjectSection
EndProject
Project("{8BC9CEB8-8B4A-11D0-8D11-00A0C91BC942}") = "SceneQuery", "..\sdk_source_bin\SceneQuery.vcxproj", "{34FB0F6E-6BC5-333E-8EFC-89F61D07998D}"
	ProjectSection(ProjectDependencies) = postProject
		{A84EB34C-5311-3B38-A757-F1BEE64D8A17} = {A84EB34C-5311-3B38-A757-F1BEE64D8A17}
	EndProjectSection
EndProject
Project("{8BC9CEB8-8B4A-11D0-8D11-00A0C91BC942}") = "SimulationController", "..\sdk_source_bin\SimulationController.vcxproj", "{EE47B57C-6B2B-377A-ACED-2B04F65B6981}"
	ProjectSection(ProjectDependencies) = postProject
		{A84EB34C-5311-3B38-A757-F1BEE64D8A17} = {A84EB34C-5311-3B38-A757-F1BEE64D8A17}
	EndProjectSection
EndProject
Project("{8BC9CEB8-8B4A-11D0-8D11-00A0C91BC942}") = "SnippetArticulation", "SnippetArticulation.vcxproj", "{C55B9DBC-4CCA-3CCE-BBD5-429C65FD3646}"
	ProjectSection(ProjectDependencies) = postProject
		{952222D0-935B-3B06-A4E6-8B5D5A0FE69F} = {952222D0-935B-3B06-A4E6-8B5D5A0FE69F}
		{F86EEC66-5E77-31AA-8206-E66A468D908A} = {F86EEC66-5E77-31AA-8206-E66A468D908A}
		{4CEEC93C-74E5-330A-99A9-38A7C485AF34} = {4CEEC93C-74E5-330A-99A9-38A7C485AF34}
		{7B4FAEAB-280D-3181-B868-EA50436D338E} = {7B4FAEAB-280D-3181-B868-EA50436D338E}
		{E24D82A1-1D0E-370A-BE2D-464B87D57E9B} = {E24D82A1-1D0E-370A-BE2D-464B87D57E9B}
		{426E1F85-29F6-3BEC-B82F-8C99F70D8E69} = {426E1F85-29F6-3BEC-B82F-8C99F70D8E69}
		{BC525BA2-953B-338B-AD0C-833B87CE0EA5} = {BC525BA2-953B-338B-AD0C-833B87CE0EA5}
		{5CE3D047-6CE8-3A93-B4D0-69D28BD7DE0B} = {5CE3D047-6CE8-3A93-B4D0-69D28BD7DE0B}
		{AF7DCCAB-9CC1-3029-93F0-B88149A98EA1} = {AF7DCCAB-9CC1-3029-93F0-B88149A98EA1}
		{FF1AEB04-A440-318B-A334-B39BEAB70066} = {FF1AEB04-A440-318B-A334-B39BEAB70066}
		{A84EB34C-5311-3B38-A757-F1BEE64D8A17} = {A84EB34C-5311-3B38-A757-F1BEE64D8A17}
	EndProjectSection
EndProject
Project("{8BC9CEB8-8B4A-11D0-8D11-00A0C91BC942}") = "SnippetBVHStructure", "SnippetBVHStructure.vcxproj", "{6446E8C5-5199-301C-A72C-BDB8AB351038}"
	ProjectSection(ProjectDependencies) = postProject
		{952222D0-935B-3B06-A4E6-8B5D5A0FE69F} = {952222D0-935B-3B06-A4E6-8B5D5A0FE69F}
		{F86EEC66-5E77-31AA-8206-E66A468D908A} = {F86EEC66-5E77-31AA-8206-E66A468D908A}
		{4CEEC93C-74E5-330A-99A9-38A7C485AF34} = {4CEEC93C-74E5-330A-99A9-38A7C485AF34}
		{7B4FAEAB-280D-3181-B868-EA50436D338E} = {7B4FAEAB-280D-3181-B868-EA50436D338E}
		{E24D82A1-1D0E-370A-BE2D-464B87D57E9B} = {E24D82A1-1D0E-370A-BE2D-464B87D57E9B}
		{426E1F85-29F6-3BEC-B82F-8C99F70D8E69} = {426E1F85-29F6-3BEC-B82F-8C99F70D8E69}
		{BC525BA2-953B-338B-AD0C-833B87CE0EA5} = {BC525BA2-953B-338B-AD0C-833B87CE0EA5}
		{5CE3D047-6CE8-3A93-B4D0-69D28BD7DE0B} = {5CE3D047-6CE8-3A93-B4D0-69D28BD7DE0B}
		{AF7DCCAB-9CC1-3029-93F0-B88149A98EA1} = {AF7DCCAB-9CC1-3029-93F0-B88149A98EA1}
		{FF1AEB04-A440-318B-A334-B39BEAB70066} = {FF1AEB04-A440-318B-A334-B39BEAB70066}
		{A84EB34C-5311-3B38-A757-F1BEE64D8A17} = {A84EB34C-5311-3B38-A757-F1BEE64D8A17}
	EndProjectSection
EndProject
Project("{8BC9CEB8-8B4A-11D0-8D11-00A0C91BC942}") = "SnippetContactModification", "SnippetContactModification.vcxproj", "{28791DB1-2A10-32C3-A07F-F23E44AE94FF}"
	ProjectSection(ProjectDependencies) = postProject
		{952222D0-935B-3B06-A4E6-8B5D5A0FE69F} = {952222D0-935B-3B06-A4E6-8B5D5A0FE69F}
		{F86EEC66-5E77-31AA-8206-E66A468D908A} = {F86EEC66-5E77-31AA-8206-E66A468D908A}
		{4CEEC93C-74E5-330A-99A9-38A7C485AF34} = {4CEEC93C-74E5-330A-99A9-38A7C485AF34}
		{7B4FAEAB-280D-3181-B868-EA50436D338E} = {7B4FAEAB-280D-3181-B868-EA50436D338E}
		{E24D82A1-1D0E-370A-BE2D-464B87D57E9B} = {E24D82A1-1D0E-370A-BE2D-464B87D57E9B}
		{426E1F85-29F6-3BEC-B82F-8C99F70D8E69} = {426E1F85-29F6-3BEC-B82F-8C99F70D8E69}
		{BC525BA2-953B-338B-AD0C-833B87CE0EA5} = {BC525BA2-953B-338B-AD0C-833B87CE0EA5}
		{5CE3D047-6CE8-3A93-B4D0-69D28BD7DE0B} = {5CE3D047-6CE8-3A93-B4D0-69D28BD7DE0B}
		{AF7DCCAB-9CC1-3029-93F0-B88149A98EA1} = {AF7DCCAB-9CC1-3029-93F0-B88149A98EA1}
		{FF1AEB04-A440-318B-A334-B39BEAB70066} = {FF1AEB04-A440-318B-A334-B39BEAB70066}
		{A84EB34C-5311-3B38-A757-F1BEE64D8A17} = {A84EB34C-5311-3B38-A757-F1BEE64D8A17}
	EndProjectSection
EndProject
Project("{8BC9CEB8-8B4A-11D0-8D11-00A0C91BC942}") = "SnippetContactReport", "SnippetContactReport.vcxproj", "{F2338BF0-2633-377D-84B3-0E2138B64F9A}"
	ProjectSection(ProjectDependencies) = postProject
		{952222D0-935B-3B06-A4E6-8B5D5A0FE69F} = {952222D0-935B-3B06-A4E6-8B5D5A0FE69F}
		{F86EEC66-5E77-31AA-8206-E66A468D908A} = {F86EEC66-5E77-31AA-8206-E66A468D908A}
		{4CEEC93C-74E5-330A-99A9-38A7C485AF34} = {4CEEC93C-74E5-330A-99A9-38A7C485AF34}
		{7B4FAEAB-280D-3181-B868-EA50436D338E} = {7B4FAEAB-280D-3181-B868-EA50436D338E}
		{E24D82A1-1D0E-370A-BE2D-464B87D57E9B} = {E24D82A1-1D0E-370A-BE2D-464B87D57E9B}
		{426E1F85-29F6-3BEC-B82F-8C99F70D8E69} = {426E1F85-29F6-3BEC-B82F-8C99F70D8E69}
		{BC525BA2-953B-338B-AD0C-833B87CE0EA5} = {BC525BA2-953B-338B-AD0C-833B87CE0EA5}
		{5CE3D047-6CE8-3A93-B4D0-69D28BD7DE0B} = {5CE3D047-6CE8-3A93-B4D0-69D28BD7DE0B}
		{AF7DCCAB-9CC1-3029-93F0-B88149A98EA1} = {AF7DCCAB-9CC1-3029-93F0-B88149A98EA1}
		{FF1AEB04-A440-318B-A334-B39BEAB70066} = {FF1AEB04-A440-318B-A334-B39BEAB70066}
		{A84EB34C-5311-3B38-A757-F1BEE64D8A17} = {A84EB34C-5311-3B38-A757-F1BEE64D8A17}
	EndProjectSection
EndProject
Project("{8BC9CEB8-8B4A-11D0-8D11-00A0C91BC942}") = "SnippetContactReportCCD", "SnippetContactReportCCD.vcxproj", "{9B849523-8BAA-3545-99E6-F682311B10A1}"
	ProjectSection(ProjectDependencies) = postProject
		{952222D0-935B-3B06-A4E6-8B5D5A0FE69F} = {952222D0-935B-3B06-A4E6-8B5D5A0FE69F}
		{F86EEC66-5E77-31AA-8206-E66A468D908A} = {F86EEC66-5E77-31AA-8206-E66A468D908A}
		{4CEEC93C-74E5-330A-99A9-38A7C485AF34} = {4CEEC93C-74E5-330A-99A9-38A7C485AF34}
		{7B4FAEAB-280D-3181-B868-EA50436D338E} = {7B4FAEAB-280D-3181-B868-EA50436D338E}
		{E24D82A1-1D0E-370A-BE2D-464B87D57E9B} = {E24D82A1-1D0E-370A-BE2D-464B87D57E9B}
		{426E1F85-29F6-3BEC-B82F-8C99F70D8E69} = {426E1F85-29F6-3BEC-B82F-8C99F70D8E69}
		{BC525BA2-953B-338B-AD0C-833B87CE0EA5} = {BC525BA2-953B-338B-AD0C-833B87CE0EA5}
		{5CE3D047-6CE8-3A93-B4D0-69D28BD7DE0B} = {5CE3D047-6CE8-3A93-B4D0-69D28BD7DE0B}
		{AF7DCCAB-9CC1-3029-93F0-B88149A98EA1} = {AF7DCCAB-9CC1-3029-93F0-B88149A98EA1}
		{FF1AEB04-A440-318B-A334-B39BEAB70066} = {FF1AEB04-A440-318B-A334-B39BEAB70066}
		{A84EB34C-5311-3B38-A757-F1BEE64D8A17} = {A84EB34C-5311-3B38-A757-F1BEE64D8A17}
	EndProjectSection
EndProject
Project("{8BC9CEB8-8B4A-11D0-8D11-00A0C91BC942}") = "SnippetConvert", "SnippetConvert.vcxproj", "{8A26A98F-B8FD-31D5-94FB-0CFB08651307}"
	ProjectSection(ProjectDependencies) = postProject
		{952222D0-935B-3B06-A4E6-8B5D5A0FE69F} = {952222D0-935B-3B06-A4E6-8B5D5A0FE69F}
		{F86EEC66-5E77-31AA-8206-E66A468D908A} = {F86EEC66-5E77-31AA-8206-E66A468D908A}
		{4CEEC93C-74E5-330A-99A9-38A7C485AF34} = {4CEEC93C-74E5-330A-99A9-38A7C485AF34}
		{7B4FAEAB-280D-3181-B868-EA50436D338E} = {7B4FAEAB-280D-3181-B868-EA50436D338E}
		{E24D82A1-1D0E-370A-BE2D-464B87D57E9B} = {E24D82A1-1D0E-370A-BE2D-464B87D57E9B}
		{426E1F85-29F6-3BEC-B82F-8C99F70D8E69} = {426E1F85-29F6-3BEC-B82F-8C99F70D8E69}
		{BC525BA2-953B-338B-AD0C-833B87CE0EA5} = {BC525BA2-953B-338B-AD0C-833B87CE0EA5}
		{5CE3D047-6CE8-3A93-B4D0-69D28BD7DE0B} = {5CE3D047-6CE8-3A93-B4D0-69D28BD7DE0B}
		{AF7DCCAB-9CC1-3029-93F0-B88149A98EA1} = {AF7DCCAB-9CC1-3029-93F0-B88149A98EA1}
		{FF1AEB04-A440-318B-A334-B39BEAB70066} = {FF1AEB04-A440-318B-A334-B39BEAB70066}
		{A84EB34C-5311-3B38-A757-F1BEE64D8A17} = {A84EB34C-5311-3B38-A757-F1BEE64D8A17}
	EndProjectSection
EndProject
Project("{8BC9CEB8-8B4A-11D0-8D11-00A0C91BC942}") = "SnippetConvexMeshCreate", "SnippetConvexMeshCreate.vcxproj", "{B2AF3020-BD49-3685-890C-495D05FA437E}"
	ProjectSection(ProjectDependencies) = postProject
		{952222D0-935B-3B06-A4E6-8B5D5A0FE69F} = {952222D0-935B-3B06-A4E6-8B5D5A0FE69F}
		{F86EEC66-5E77-31AA-8206-E66A468D908A} = {F86EEC66-5E77-31AA-8206-E66A468D908A}
		{4CEEC93C-74E5-330A-99A9-38A7C485AF34} = {4CEEC93C-74E5-330A-99A9-38A7C485AF34}
		{7B4FAEAB-280D-3181-B868-EA50436D338E} = {7B4FAEAB-280D-3181-B868-EA50436D338E}
		{E24D82A1-1D0E-370A-BE2D-464B87D57E9B} = {E24D82A1-1D0E-370A-BE2D-464B87D57E9B}
		{426E1F85-29F6-3BEC-B82F-8C99F70D8E69} = {426E1F85-29F6-3BEC-B82F-8C99F70D8E69}
		{BC525BA2-953B-338B-AD0C-833B87CE0EA5} = {BC525BA2-953B-338B-AD0C-833B87CE0EA5}
		{5CE3D047-6CE8-3A93-B4D0-69D28BD7DE0B} = {5CE3D047-6CE8-3A93-B4D0-69D28BD7DE0B}
		{AF7DCCAB-9CC1-3029-93F0-B88149A98EA1} = {AF7DCCAB-9CC1-3029-93F0-B88149A98EA1}
		{FF1AEB04-A440-318B-A334-B39BEAB70066} = {FF1AEB04-A440-318B-A334-B39BEAB70066}
		{A84EB34C-5311-3B38-A757-F1BEE64D8A17} = {A84EB34C-5311-3B38-A757-F1BEE64D8A17}
	EndProjectSection
EndProject
Project("{8BC9CEB8-8B4A-11D0-8D11-00A0C91BC942}") = "SnippetCustomJoint", "SnippetCustomJoint.vcxproj", "{C6552FCA-45A5-340C-86CF-75E4DB0A6781}"
	ProjectSection(ProjectDependencies) = postProject
		{952222D0-935B-3B06-A4E6-8B5D5A0FE69F} = {952222D0-935B-3B06-A4E6-8B5D5A0FE69F}
		{F86EEC66-5E77-31AA-8206-E66A468D908A} = {F86EEC66-5E77-31AA-8206-E66A468D908A}
		{4CEEC93C-74E5-330A-99A9-38A7C485AF34} = {4CEEC93C-74E5-330A-99A9-38A7C485AF34}
		{7B4FAEAB-280D-3181-B868-EA50436D338E} = {7B4FAEAB-280D-3181-B868-EA50436D338E}
		{E24D82A1-1D0E-370A-BE2D-464B87D57E9B} = {E24D82A1-1D0E-370A-BE2D-464B87D57E9B}
		{426E1F85-29F6-3BEC-B82F-8C99F70D8E69} = {426E1F85-29F6-3BEC-B82F-8C99F70D8E69}
		{BC525BA2-953B-338B-AD0C-833B87CE0EA5} = {BC525BA2-953B-338B-AD0C-833B87CE0EA5}
		{5CE3D047-6CE8-3A93-B4D0-69D28BD7DE0B} = {5CE3D047-6CE8-3A93-B4D0-69D28BD7DE0B}
		{AF7DCCAB-9CC1-3029-93F0-B88149A98EA1} = {AF7DCCAB-9CC1-3029-93F0-B88149A98EA1}
		{FF1AEB04-A440-318B-A334-B39BEAB70066} = {FF1AEB04-A440-318B-A334-B39BEAB70066}
		{A84EB34C-5311-3B38-A757-F1BEE64D8A17} = {A84EB34C-5311-3B38-A757-F1BEE64D8A17}
	EndProjectSection
EndProject
Project("{8BC9CEB8-8B4A-11D0-8D11-00A0C91BC942}") = "SnippetCustomProfiler", "SnippetCustomProfiler.vcxproj", "{05A48E5F-9D11-3AA4-A738-99AAAEFE0F8E}"
	ProjectSection(ProjectDependencies) = postProject
		{952222D0-935B-3B06-A4E6-8B5D5A0FE69F} = {952222D0-935B-3B06-A4E6-8B5D5A0FE69F}
		{F86EEC66-5E77-31AA-8206-E66A468D908A} = {F86EEC66-5E77-31AA-8206-E66A468D908A}
		{4CEEC93C-74E5-330A-99A9-38A7C485AF34} = {4CEEC93C-74E5-330A-99A9-38A7C485AF34}
		{7B4FAEAB-280D-3181-B868-EA50436D338E} = {7B4FAEAB-280D-3181-B868-EA50436D338E}
		{E24D82A1-1D0E-370A-BE2D-464B87D57E9B} = {E24D82A1-1D0E-370A-BE2D-464B87D57E9B}
		{426E1F85-29F6-3BEC-B82F-8C99F70D8E69} = {426E1F85-29F6-3BEC-B82F-8C99F70D8E69}
		{BC525BA2-953B-338B-AD0C-833B87CE0EA5} = {BC525BA2-953B-338B-AD0C-833B87CE0EA5}
		{5CE3D047-6CE8-3A93-B4D0-69D28BD7DE0B} = {5CE3D047-6CE8-3A93-B4D0-69D28BD7DE0B}
		{AF7DCCAB-9CC1-3029-93F0-B88149A98EA1} = {AF7DCCAB-9CC1-3029-93F0-B88149A98EA1}
		{FF1AEB04-A440-318B-A334-B39BEAB70066} = {FF1AEB04-A440-318B-A334-B39BEAB70066}
		{A84EB34C-5311-3B38-A757-F1BEE64D8A17} = {A84EB34C-5311-3B38-A757-F1BEE64D8A17}
	EndProjectSection
EndProject
Project("{8BC9CEB8-8B4A-11D0-8D11-00A0C91BC942}") = "SnippetDeformableMesh", "SnippetDeformableMesh.vcxproj", "{8C47CCDA-8AF2-361B-BC62-40F03794FC68}"
	ProjectSection(ProjectDependencies) = postProject
		{952222D0-935B-3B06-A4E6-8B5D5A0FE69F} = {952222D0-935B-3B06-A4E6-8B5D5A0FE69F}
		{F86EEC66-5E77-31AA-8206-E66A468D908A} = {F86EEC66-5E77-31AA-8206-E66A468D908A}
		{4CEEC93C-74E5-330A-99A9-38A7C485AF34} = {4CEEC93C-74E5-330A-99A9-38A7C485AF34}
		{7B4FAEAB-280D-3181-B868-EA50436D338E} = {7B4FAEAB-280D-3181-B868-EA50436D338E}
		{E24D82A1-1D0E-370A-BE2D-464B87D57E9B} = {E24D82A1-1D0E-370A-BE2D-464B87D57E9B}
		{426E1F85-29F6-3BEC-B82F-8C99F70D8E69} = {426E1F85-29F6-3BEC-B82F-8C99F70D8E69}
		{BC525BA2-953B-338B-AD0C-833B87CE0EA5} = {BC525BA2-953B-338B-AD0C-833B87CE0EA5}
		{5CE3D047-6CE8-3A93-B4D0-69D28BD7DE0B} = {5CE3D047-6CE8-3A93-B4D0-69D28BD7DE0B}
		{AF7DCCAB-9CC1-3029-93F0-B88149A98EA1} = {AF7DCCAB-9CC1-3029-93F0-B88149A98EA1}
		{FF1AEB04-A440-318B-A334-B39BEAB70066} = {FF1AEB04-A440-318B-A334-B39BEAB70066}
		{A84EB34C-5311-3B38-A757-F1BEE64D8A17} = {A84EB34C-5311-3B38-A757-F1BEE64D8A17}
	EndProjectSection
EndProject
Project("{8BC9CEB8-8B4A-11D0-8D11-00A0C91BC942}") = "SnippetDelayLoadHook", "SnippetDelayLoadHook.vcxproj", "{AEEDD102-F5BE-374A-970E-5DD573407BA8}"
	ProjectSection(ProjectDependencies) = postProject
		{952222D0-935B-3B06-A4E6-8B5D5A0FE69F} = {952222D0-935B-3B06-A4E6-8B5D5A0FE69F}
		{F86EEC66-5E77-31AA-8206-E66A468D908A} = {F86EEC66-5E77-31AA-8206-E66A468D908A}
		{4CEEC93C-74E5-330A-99A9-38A7C485AF34} = {4CEEC93C-74E5-330A-99A9-38A7C485AF34}
		{7B4FAEAB-280D-3181-B868-EA50436D338E} = {7B4FAEAB-280D-3181-B868-EA50436D338E}
		{E24D82A1-1D0E-370A-BE2D-464B87D57E9B} = {E24D82A1-1D0E-370A-BE2D-464B87D57E9B}
		{426E1F85-29F6-3BEC-B82F-8C99F70D8E69} = {426E1F85-29F6-3BEC-B82F-8C99F70D8E69}
		{BC525BA2-953B-338B-AD0C-833B87CE0EA5} = {BC525BA2-953B-338B-AD0C-833B87CE0EA5}
		{5CE3D047-6CE8-3A93-B4D0-69D28BD7DE0B} = {5CE3D047-6CE8-3A93-B4D0-69D28BD7DE0B}
		{AF7DCCAB-9CC1-3029-93F0-B88149A98EA1} = {AF7DCCAB-9CC1-3029-93F0-B88149A98EA1}
		{FF1AEB04-A440-318B-A334-B39BEAB70066} = {FF1AEB04-A440-318B-A334-B39BEAB70066}
		{A84EB34C-5311-3B38-A757-F1BEE64D8A17} = {A84EB34C-5311-3B38-A757-F1BEE64D8A17}
	EndProjectSection
EndProject
Project("{8BC9CEB8-8B4A-11D0-8D11-00A0C91BC942}") = "SnippetHelloGRB", "SnippetHelloGRB.vcxproj", "{3C722FAC-B160-31DB-A56E-4934132E5E41}"
	ProjectSection(ProjectDependencies) = postProject
		{952222D0-935B-3B06-A4E6-8B5D5A0FE69F} = {952222D0-935B-3B06-A4E6-8B5D5A0FE69F}
		{F86EEC66-5E77-31AA-8206-E66A468D908A} = {F86EEC66-5E77-31AA-8206-E66A468D908A}
		{4CEEC93C-74E5-330A-99A9-38A7C485AF34} = {4CEEC93C-74E5-330A-99A9-38A7C485AF34}
		{7B4FAEAB-280D-3181-B868-EA50436D338E} = {7B4FAEAB-280D-3181-B868-EA50436D338E}
		{E24D82A1-1D0E-370A-BE2D-464B87D57E9B} = {E24D82A1-1D0E-370A-BE2D-464B87D57E9B}
		{426E1F85-29F6-3BEC-B82F-8C99F70D8E69} = {426E1F85-29F6-3BEC-B82F-8C99F70D8E69}
		{BC525BA2-953B-338B-AD0C-833B87CE0EA5} = {BC525BA2-953B-338B-AD0C-833B87CE0EA5}
		{5CE3D047-6CE8-3A93-B4D0-69D28BD7DE0B} = {5CE3D047-6CE8-3A93-B4D0-69D28BD7DE0B}
		{AF7DCCAB-9CC1-3029-93F0-B88149A98EA1} = {AF7DCCAB-9CC1-3029-93F0-B88149A98EA1}
		{FF1AEB04-A440-318B-A334-B39BEAB70066} = {FF1AEB04-A440-318B-A334-B39BEAB70066}
		{A84EB34C-5311-3B38-A757-F1BEE64D8A17} = {A84EB34C-5311-3B38-A757-F1BEE64D8A17}
	EndProjectSection
EndProject
Project("{8BC9CEB8-8B4A-11D0-8D11-00A0C91BC942}") = "SnippetHelloWorld", "SnippetHelloWorld.vcxproj", "{596AD24B-F27A-3453-9BB4-396159E2C777}"
	ProjectSection(ProjectDependencies) = postProject
		{952222D0-935B-3B06-A4E6-8B5D5A0FE69F} = {952222D0-935B-3B06-A4E6-8B5D5A0FE69F}
		{F86EEC66-5E77-31AA-8206-E66A468D908A} = {F86EEC66-5E77-31AA-8206-E66A468D908A}
		{4CEEC93C-74E5-330A-99A9-38A7C485AF34} = {4CEEC93C-74E5-330A-99A9-38A7C485AF34}
		{7B4FAEAB-280D-3181-B868-EA50436D338E} = {7B4FAEAB-280D-3181-B868-EA50436D338E}
		{E24D82A1-1D0E-370A-BE2D-464B87D57E9B} = {E24D82A1-1D0E-370A-BE2D-464B87D57E9B}
		{426E1F85-29F6-3BEC-B82F-8C99F70D8E69} = {426E1F85-29F6-3BEC-B82F-8C99F70D8E69}
		{BC525BA2-953B-338B-AD0C-833B87CE0EA5} = {BC525BA2-953B-338B-AD0C-833B87CE0EA5}
		{5CE3D047-6CE8-3A93-B4D0-69D28BD7DE0B} = {5CE3D047-6CE8-3A93-B4D0-69D28BD7DE0B}
		{AF7DCCAB-9CC1-3029-93F0-B88149A98EA1} = {AF7DCCAB-9CC1-3029-93F0-B88149A98EA1}
		{FF1AEB04-A440-318B-A334-B39BEAB70066} = {FF1AEB04-A440-318B-A334-B39BEAB70066}
		{A84EB34C-5311-3B38-A757-F1BEE64D8A17} = {A84EB34C-5311-3B38-A757-F1BEE64D8A17}
	EndProjectSection
EndProject
Project("{8BC9CEB8-8B4A-11D0-8D11-00A0C91BC942}") = "SnippetImmediateArticulation", "SnippetImmediateArticulation.vcxproj", "{68BEA3FF-A79F-307B-BDA0-D24C89C044CA}"
	ProjectSection(ProjectDependencies) = postProject
		{952222D0-935B-3B06-A4E6-8B5D5A0FE69F} = {952222D0-935B-3B06-A4E6-8B5D5A0FE69F}
		{F86EEC66-5E77-31AA-8206-E66A468D908A} = {F86EEC66-5E77-31AA-8206-E66A468D908A}
		{4CEEC93C-74E5-330A-99A9-38A7C485AF34} = {4CEEC93C-74E5-330A-99A9-38A7C485AF34}
		{7B4FAEAB-280D-3181-B868-EA50436D338E} = {7B4FAEAB-280D-3181-B868-EA50436D338E}
		{E24D82A1-1D0E-370A-BE2D-464B87D57E9B} = {E24D82A1-1D0E-370A-BE2D-464B87D57E9B}
		{426E1F85-29F6-3BEC-B82F-8C99F70D8E69} = {426E1F85-29F6-3BEC-B82F-8C99F70D8E69}
		{BC525BA2-953B-338B-AD0C-833B87CE0EA5} = {BC525BA2-953B-338B-AD0C-833B87CE0EA5}
		{5CE3D047-6CE8-3A93-B4D0-69D28BD7DE0B} = {5CE3D047-6CE8-3A93-B4D0-69D28BD7DE0B}
		{AF7DCCAB-9CC1-3029-93F0-B88149A98EA1} = {AF7DCCAB-9CC1-3029-93F0-B88149A98EA1}
		{FF1AEB04-A440-318B-A334-B39BEAB70066} = {FF1AEB04-A440-318B-A334-B39BEAB70066}
		{A84EB34C-5311-3B38-A757-F1BEE64D8A17} = {A84EB34C-5311-3B38-A757-F1BEE64D8A17}
	EndProjectSection
EndProject
Project("{8BC9CEB8-8B4A-11D0-8D11-00A0C91BC942}") = "SnippetImmediateMode", "SnippetImmediateMode.vcxproj", "{BD62962A-694B-3BFD-A75F-F30143EAA1AA}"
	ProjectSection(ProjectDependencies) = postProject
		{952222D0-935B-3B06-A4E6-8B5D5A0FE69F} = {952222D0-935B-3B06-A4E6-8B5D5A0FE69F}
		{F86EEC66-5E77-31AA-8206-E66A468D908A} = {F86EEC66-5E77-31AA-8206-E66A468D908A}
		{4CEEC93C-74E5-330A-99A9-38A7C485AF34} = {4CEEC93C-74E5-330A-99A9-38A7C485AF34}
		{7B4FAEAB-280D-3181-B868-EA50436D338E} = {7B4FAEAB-280D-3181-B868-EA50436D338E}
		{E24D82A1-1D0E-370A-BE2D-464B87D57E9B} = {E24D82A1-1D0E-370A-BE2D-464B87D57E9B}
		{426E1F85-29F6-3BEC-B82F-8C99F70D8E69} = {426E1F85-29F6-3BEC-B82F-8C99F70D8E69}
		{BC525BA2-953B-338B-AD0C-833B87CE0EA5} = {BC525BA2-953B-338B-AD0C-833B87CE0EA5}
		{5CE3D047-6CE8-3A93-B4D0-69D28BD7DE0B} = {5CE3D047-6CE8-3A93-B4D0-69D28BD7DE0B}
		{AF7DCCAB-9CC1-3029-93F0-B88149A98EA1} = {AF7DCCAB-9CC1-3029-93F0-B88149A98EA1}
		{FF1AEB04-A440-318B-A334-B39BEAB70066} = {FF1AEB04-A440-318B-A334-B39BEAB70066}
		{A84EB34C-5311-3B38-A757-F1BEE64D8A17} = {A84EB34C-5311-3B38-A757-F1BEE64D8A17}
	EndProjectSection
EndProject
Project("{8BC9CEB8-8B4A-11D0-8D11-00A0C91BC942}") = "SnippetJoint", "SnippetJoint.vcxproj", "{DCDCA843-B2B6-34EA-B4DE-C4000585DB87}"
	ProjectSection(ProjectDependencies) = postProject
		{952222D0-935B-3B06-A4E6-8B5D5A0FE69F} = {952222D0-935B-3B06-A4E6-8B5D5A0FE69F}
		{F86EEC66-5E77-31AA-8206-E66A468D908A} = {F86EEC66-5E77-31AA-8206-E66A468D908A}
		{4CEEC93C-74E5-330A-99A9-38A7C485AF34} = {4CEEC93C-74E5-330A-99A9-38A7C485AF34}
		{7B4FAEAB-280D-3181-B868-EA50436D338E} = {7B4FAEAB-280D-3181-B868-EA50436D338E}
		{E24D82A1-1D0E-370A-BE2D-464B87D57E9B} = {E24D82A1-1D0E-370A-BE2D-464B87D57E9B}
		{426E1F85-29F6-3BEC-B82F-8C99F70D8E69} = {426E1F85-29F6-3BEC-B82F-8C99F70D8E69}
		{BC525BA2-953B-338B-AD0C-833B87CE0EA5} = {BC525BA2-953B-338B-AD0C-833B87CE0EA5}
		{5CE3D047-6CE8-3A93-B4D0-69D28BD7DE0B} = {5CE3D047-6CE8-3A93-B4D0-69D28BD7DE0B}
		{AF7DCCAB-9CC1-3029-93F0-B88149A98EA1} = {AF7DCCAB-9CC1-3029-93F0-B88149A98EA1}
		{FF1AEB04-A440-318B-A334-B39BEAB70066} = {FF1AEB04-A440-318B-A334-B39BEAB70066}
		{A84EB34C-5311-3B38-A757-F1BEE64D8A17} = {A84EB34C-5311-3B38-A757-F1BEE64D8A17}
	EndProjectSection
EndProject
Project("{8BC9CEB8-8B4A-11D0-8D11-00A0C91BC942}") = "SnippetLoadCollection", "SnippetLoadCollection.vcxproj", "{7D2A2EE8-B04C-3C51-870E-4F37B0FD7795}"
	ProjectSection(ProjectDependencies) = postProject
		{952222D0-935B-3B06-A4E6-8B5D5A0FE69F} = {952222D0-935B-3B06-A4E6-8B5D5A0FE69F}
		{F86EEC66-5E77-31AA-8206-E66A468D908A} = {F86EEC66-5E77-31AA-8206-E66A468D908A}
		{4CEEC93C-74E5-330A-99A9-38A7C485AF34} = {4CEEC93C-74E5-330A-99A9-38A7C485AF34}
		{7B4FAEAB-280D-3181-B868-EA50436D338E} = {7B4FAEAB-280D-3181-B868-EA50436D338E}
		{E24D82A1-1D0E-370A-BE2D-464B87D57E9B} = {E24D82A1-1D0E-370A-BE2D-464B87D57E9B}
		{426E1F85-29F6-3BEC-B82F-8C99F70D8E69} = {426E1F85-29F6-3BEC-B82F-8C99F70D8E69}
		{BC525BA2-953B-338B-AD0C-833B87CE0EA5} = {BC525BA2-953B-338B-AD0C-833B87CE0EA5}
		{5CE3D047-6CE8-3A93-B4D0-69D28BD7DE0B} = {5CE3D047-6CE8-3A93-B4D0-69D28BD7DE0B}
		{AF7DCCAB-9CC1-3029-93F0-B88149A98EA1} = {AF7DCCAB-9CC1-3029-93F0-B88149A98EA1}
		{FF1AEB04-A440-318B-A334-B39BEAB70066} = {FF1AEB04-A440-318B-A334-B39BEAB70066}
		{A84EB34C-5311-3B38-A757-F1BEE64D8A17} = {A84EB34C-5311-3B38-A757-F1BEE64D8A17}
	EndProjectSection
EndProject
Project("{8BC9CEB8-8B4A-11D0-8D11-00A0C91BC942}") = "SnippetMBP", "SnippetMBP.vcxproj", "{50438368-5192-3AAD-A5F8-1623157838CF}"
	ProjectSection(ProjectDependencies) = postProject
		{952222D0-935B-3B06-A4E6-8B5D5A0FE69F} = {952222D0-935B-3B06-A4E6-8B5D5A0FE69F}
		{F86EEC66-5E77-31AA-8206-E66A468D908A} = {F86EEC66-5E77-31AA-8206-E66A468D908A}
		{4CEEC93C-74E5-330A-99A9-38A7C485AF34} = {4CEEC93C-74E5-330A-99A9-38A7C485AF34}
		{7B4FAEAB-280D-3181-B868-EA50436D338E} = {7B4FAEAB-280D-3181-B868-EA50436D338E}
		{E24D82A1-1D0E-370A-BE2D-464B87D57E9B} = {E24D82A1-1D0E-370A-BE2D-464B87D57E9B}
		{426E1F85-29F6-3BEC-B82F-8C99F70D8E69} = {426E1F85-29F6-3BEC-B82F-8C99F70D8E69}
		{BC525BA2-953B-338B-AD0C-833B87CE0EA5} = {BC525BA2-953B-338B-AD0C-833B87CE0EA5}
		{5CE3D047-6CE8-3A93-B4D0-69D28BD7DE0B} = {5CE3D047-6CE8-3A93-B4D0-69D28BD7DE0B}
		{AF7DCCAB-9CC1-3029-93F0-B88149A98EA1} = {AF7DCCAB-9CC1-3029-93F0-B88149A98EA1}
		{FF1AEB04-A440-318B-A334-B39BEAB70066} = {FF1AEB04-A440-318B-A334-B39BEAB70066}
		{A84EB34C-5311-3B38-A757-F1BEE64D8A17} = {A84EB34C-5311-3B38-A757-F1BEE64D8A17}
	EndProjectSection
EndProject
Project("{8BC9CEB8-8B4A-11D0-8D11-00A0C91BC942}") = "SnippetMultiThreading", "SnippetMultiThreading.vcxproj", "{DA4F59C4-9CA1-3D96-BF6C-A08B830DE467}"
	ProjectSection(ProjectDependencies) = postProject
		{952222D0-935B-3B06-A4E6-8B5D5A0FE69F} = {952222D0-935B-3B06-A4E6-8B5D5A0FE69F}
		{F86EEC66-5E77-31AA-8206-E66A468D908A} = {F86EEC66-5E77-31AA-8206-E66A468D908A}
		{4CEEC93C-74E5-330A-99A9-38A7C485AF34} = {4CEEC93C-74E5-330A-99A9-38A7C485AF34}
		{7B4FAEAB-280D-3181-B868-EA50436D338E} = {7B4FAEAB-280D-3181-B868-EA50436D338E}
		{E24D82A1-1D0E-370A-BE2D-464B87D57E9B} = {E24D82A1-1D0E-370A-BE2D-464B87D57E9B}
		{426E1F85-29F6-3BEC-B82F-8C99F70D8E69} = {426E1F85-29F6-3BEC-B82F-8C99F70D8E69}
		{BC525BA2-953B-338B-AD0C-833B87CE0EA5} = {BC525BA2-953B-338B-AD0C-833B87CE0EA5}
		{5CE3D047-6CE8-3A93-B4D0-69D28BD7DE0B} = {5CE3D047-6CE8-3A93-B4D0-69D28BD7DE0B}
		{AF7DCCAB-9CC1-3029-93F0-B88149A98EA1} = {AF7DCCAB-9CC1-3029-93F0-B88149A98EA1}
		{FF1AEB04-A440-318B-A334-B39BEAB70066} = {FF1AEB04-A440-318B-A334-B39BEAB70066}
		{A84EB34C-5311-3B38-A757-F1BEE64D8A17} = {A84EB34C-5311-3B38-A757-F1BEE64D8A17}
	EndProjectSection
EndProject
Project("{8BC9CEB8-8B4A-11D0-8D11-00A0C91BC942}") = "SnippetNestedScene", "SnippetNestedScene.vcxproj", "{31B964F7-E554-3D49-9F76-8D15BD046BC2}"
	ProjectSection(ProjectDependencies) = postProject
		{952222D0-935B-3B06-A4E6-8B5D5A0FE69F} = {952222D0-935B-3B06-A4E6-8B5D5A0FE69F}
		{F86EEC66-5E77-31AA-8206-E66A468D908A} = {F86EEC66-5E77-31AA-8206-E66A468D908A}
		{4CEEC93C-74E5-330A-99A9-38A7C485AF34} = {4CEEC93C-74E5-330A-99A9-38A7C485AF34}
		{7B4FAEAB-280D-3181-B868-EA50436D338E} = {7B4FAEAB-280D-3181-B868-EA50436D338E}
		{E24D82A1-1D0E-370A-BE2D-464B87D57E9B} = {E24D82A1-1D0E-370A-BE2D-464B87D57E9B}
		{426E1F85-29F6-3BEC-B82F-8C99F70D8E69} = {426E1F85-29F6-3BEC-B82F-8C99F70D8E69}
		{BC525BA2-953B-338B-AD0C-833B87CE0EA5} = {BC525BA2-953B-338B-AD0C-833B87CE0EA5}
		{B86B79E3-33F9-39F9-9CA6-B7E7302399F9} = {B86B79E3-33F9-39F9-9CA6-B7E7302399F9}
		{5CE3D047-6CE8-3A93-B4D0-69D28BD7DE0B} = {5CE3D047-6CE8-3A93-B4D0-69D28BD7DE0B}
		{AF7DCCAB-9CC1-3029-93F0-B88149A98EA1} = {AF7DCCAB-9CC1-3029-93F0-B88149A98EA1}
		{FF1AEB04-A440-318B-A334-B39BEAB70066} = {FF1AEB04-A440-318B-A334-B39BEAB70066}
		{A84EB34C-5311-3B38-A757-F1BEE64D8A17} = {A84EB34C-5311-3B38-A757-F1BEE64D8A17}
	EndProjectSection
EndProject
Project("{8BC9CEB8-8B4A-11D0-8D11-00A0C91BC942}") = "SnippetPrunerSerialization", "SnippetPrunerSerialization.vcxproj", "{A9453722-C341-3BC9-9CBD-83E970CB7711}"
	ProjectSection(ProjectDependencies) = postProject
		{952222D0-935B-3B06-A4E6-8B5D5A0FE69F} = {952222D0-935B-3B06-A4E6-8B5D5A0FE69F}
		{F86EEC66-5E77-31AA-8206-E66A468D908A} = {F86EEC66-5E77-31AA-8206-E66A468D908A}
		{4CEEC93C-74E5-330A-99A9-38A7C485AF34} = {4CEEC93C-74E5-330A-99A9-38A7C485AF34}
		{7B4FAEAB-280D-3181-B868-EA50436D338E} = {7B4FAEAB-280D-3181-B868-EA50436D338E}
		{E24D82A1-1D0E-370A-BE2D-464B87D57E9B} = {E24D82A1-1D0E-370A-BE2D-464B87D57E9B}
		{426E1F85-29F6-3BEC-B82F-8C99F70D8E69} = {426E1F85-29F6-3BEC-B82F-8C99F70D8E69}
		{BC525BA2-953B-338B-AD0C-833B87CE0EA5} = {BC525BA2-953B-338B-AD0C-833B87CE0EA5}
		{5CE3D047-6CE8-3A93-B4D0-69D28BD7DE0B} = {5CE3D047-6CE8-3A93-B4D0-69D28BD7DE0B}
		{AF7DCCAB-9CC1-3029-93F0-B88149A98EA1} = {AF7DCCAB-9CC1-3029-93F0-B88149A98EA1}
		{FF1AEB04-A440-318B-A334-B39BEAB70066} = {FF1AEB04-A440-318B-A334-B39BEAB70066}
		{A84EB34C-5311-3B38-A757-F1BEE64D8A17} = {A84EB34C-5311-3B38-A757-F1BEE64D8A17}
	EndProjectSection
EndProject
Project("{8BC9CEB8-8B4A-11D0-8D11-00A0C91BC942}") = "SnippetRaycastCCD", "SnippetRaycastCCD.vcxproj", "{02C16C25-833D-350A-8A0C-FAF2475BB4D2}"
	ProjectSection(ProjectDependencies) = postProject
		{952222D0-935B-3B06-A4E6-8B5D5A0FE69F} = {952222D0-935B-3B06-A4E6-8B5D5A0FE69F}
		{F86EEC66-5E77-31AA-8206-E66A468D908A} = {F86EEC66-5E77-31AA-8206-E66A468D908A}
		{4CEEC93C-74E5-330A-99A9-38A7C485AF34} = {4CEEC93C-74E5-330A-99A9-38A7C485AF34}
		{7B4FAEAB-280D-3181-B868-EA50436D338E} = {7B4FAEAB-280D-3181-B868-EA50436D338E}
		{E24D82A1-1D0E-370A-BE2D-464B87D57E9B} = {E24D82A1-1D0E-370A-BE2D-464B87D57E9B}
		{426E1F85-29F6-3BEC-B82F-8C99F70D8E69} = {426E1F85-29F6-3BEC-B82F-8C99F70D8E69}
		{BC525BA2-953B-338B-AD0C-833B87CE0EA5} = {BC525BA2-953B-338B-AD0C-833B87CE0EA5}
		{5CE3D047-6CE8-3A93-B4D0-69D28BD7DE0B} = {5CE3D047-6CE8-3A93-B4D0-69D28BD7DE0B}
		{AF7DCCAB-9CC1-3029-93F0-B88149A98EA1} = {AF7DCCAB-9CC1-3029-93F0-B88149A98EA1}
		{FF1AEB04-A440-318B-A334-B39BEAB70066} = {FF1AEB04-A440-318B-A334-B39BEAB70066}
		{A84EB34C-5311-3B38-A757-F1BEE64D8A17} = {A84EB34C-5311-3B38-A757-F1BEE64D8A17}
	EndProjectSection
EndProject
Project("{8BC9CEB8-8B4A-11D0-8D11-00A0C91BC942}") = "SnippetRender", "SnippetRender.vcxproj", "{AF7DCCAB-9CC1-3029-93F0-B88149A98EA1}"
	ProjectSection(ProjectDependencies) = postProject
		{426E1F85-29F6-3BEC-B82F-8C99F70D8E69} = {426E1F85-29F6-3BEC-B82F-8C99F70D8E69}
		{A84EB34C-5311-3B38-A757-F1BEE64D8A17} = {A84EB34C-5311-3B38-A757-F1BEE64D8A17}
	EndProjectSection
EndProject
Project("{8BC9CEB8-8B4A-11D0-8D11-00A0C91BC942}") = "SnippetSerialization", "SnippetSerialization.vcxproj", "{3701FFB9-86FE-376D-952E-D6170BFF0675}"
	ProjectSection(ProjectDependencies) = postProject
		{952222D0-935B-3B06-A4E6-8B5D5A0FE69F} = {952222D0-935B-3B06-A4E6-8B5D5A0FE69F}
		{F86EEC66-5E77-31AA-8206-E66A468D908A} = {F86EEC66-5E77-31AA-8206-E66A468D908A}
		{4CEEC93C-74E5-330A-99A9-38A7C485AF34} = {4CEEC93C-74E5-330A-99A9-38A7C485AF34}
		{7B4FAEAB-280D-3181-B868-EA50436D338E} = {7B4FAEAB-280D-3181-B868-EA50436D338E}
		{E24D82A1-1D0E-370A-BE2D-464B87D57E9B} = {E24D82A1-1D0E-370A-BE2D-464B87D57E9B}
		{426E1F85-29F6-3BEC-B82F-8C99F70D8E69} = {426E1F85-29F6-3BEC-B82F-8C99F70D8E69}
		{BC525BA2-953B-338B-AD0C-833B87CE0EA5} = {BC525BA2-953B-338B-AD0C-833B87CE0EA5}
		{5CE3D047-6CE8-3A93-B4D0-69D28BD7DE0B} = {5CE3D047-6CE8-3A93-B4D0-69D28BD7DE0B}
		{AF7DCCAB-9CC1-3029-93F0-B88149A98EA1} = {AF7DCCAB-9CC1-3029-93F0-B88149A98EA1}
		{FF1AEB04-A440-318B-A334-B39BEAB70066} = {FF1AEB04-A440-318B-A334-B39BEAB70066}
		{A84EB34C-5311-3B38-A757-F1BEE64D8A17} = {A84EB34C-5311-3B38-A757-F1BEE64D8A17}
	EndProjectSection
EndProject
Project("{8BC9CEB8-8B4A-11D0-8D11-00A0C91BC942}") = "SnippetSplitFetchResults", "SnippetSplitFetchResults.vcxproj", "{6A02FBD8-49EB-30EE-ADEB-F37BBF90F6E5}"
	ProjectSection(ProjectDependencies) = postProject
		{952222D0-935B-3B06-A4E6-8B5D5A0FE69F} = {952222D0-935B-3B06-A4E6-8B5D5A0FE69F}
		{F86EEC66-5E77-31AA-8206-E66A468D908A} = {F86EEC66-5E77-31AA-8206-E66A468D908A}
		{4CEEC93C-74E5-330A-99A9-38A7C485AF34} = {4CEEC93C-74E5-330A-99A9-38A7C485AF34}
		{7B4FAEAB-280D-3181-B868-EA50436D338E} = {7B4FAEAB-280D-3181-B868-EA50436D338E}
		{E24D82A1-1D0E-370A-BE2D-464B87D57E9B} = {E24D82A1-1D0E-370A-BE2D-464B87D57E9B}
		{426E1F85-29F6-3BEC-B82F-8C99F70D8E69} = {426E1F85-29F6-3BEC-B82F-8C99F70D8E69}
		{BC525BA2-953B-338B-AD0C-833B87CE0EA5} = {BC525BA2-953B-338B-AD0C-833B87CE0EA5}
		{5CE3D047-6CE8-3A93-B4D0-69D28BD7DE0B} = {5CE3D047-6CE8-3A93-B4D0-69D28BD7DE0B}
		{AF7DCCAB-9CC1-3029-93F0-B88149A98EA1} = {AF7DCCAB-9CC1-3029-93F0-B88149A98EA1}
		{FF1AEB04-A440-318B-A334-B39BEAB70066} = {FF1AEB04-A440-318B-A334-B39BEAB70066}
		{A84EB34C-5311-3B38-A757-F1BEE64D8A17} = {A84EB34C-5311-3B38-A757-F1BEE64D8A17}
	EndProjectSection
EndProject
Project("{8BC9CEB8-8B4A-11D0-8D11-00A0C91BC942}") = "SnippetSplitSim", "SnippetSplitSim.vcxproj", "{DAADE0B8-8411-373E-8EB8-E6C1CF9AC2E4}"
	ProjectSection(ProjectDependencies) = postProject
		{952222D0-935B-3B06-A4E6-8B5D5A0FE69F} = {952222D0-935B-3B06-A4E6-8B5D5A0FE69F}
		{F86EEC66-5E77-31AA-8206-E66A468D908A} = {F86EEC66-5E77-31AA-8206-E66A468D908A}
		{4CEEC93C-74E5-330A-99A9-38A7C485AF34} = {4CEEC93C-74E5-330A-99A9-38A7C485AF34}
		{7B4FAEAB-280D-3181-B868-EA50436D338E} = {7B4FAEAB-280D-3181-B868-EA50436D338E}
		{E24D82A1-1D0E-370A-BE2D-464B87D57E9B} = {E24D82A1-1D0E-370A-BE2D-464B87D57E9B}
		{426E1F85-29F6-3BEC-B82F-8C99F70D8E69} = {426E1F85-29F6-3BEC-B82F-8C99F70D8E69}
		{BC525BA2-953B-338B-AD0C-833B87CE0EA5} = {BC525BA2-953B-338B-AD0C-833B87CE0EA5}
		{5CE3D047-6CE8-3A93-B4D0-69D28BD7DE0B} = {5CE3D047-6CE8-3A93-B4D0-69D28BD7DE0B}
		{AF7DCCAB-9CC1-3029-93F0-B88149A98EA1} = {AF7DCCAB-9CC1-3029-93F0-B88149A98EA1}
		{FF1AEB04-A440-318B-A334-B39BEAB70066} = {FF1AEB04-A440-318B-A334-B39BEAB70066}
		{A84EB34C-5311-3B38-A757-F1BEE64D8A17} = {A84EB34C-5311-3B38-A757-F1BEE64D8A17}
	EndProjectSection
EndProject
Project("{8BC9CEB8-8B4A-11D0-8D11-00A0C91BC942}") = "SnippetStepper", "SnippetStepper.vcxproj", "{B2474C6E-8FFE-3FC4-9C7E-0E4169654455}"
	ProjectSection(ProjectDependencies) = postProject
		{952222D0-935B-3B06-A4E6-8B5D5A0FE69F} = {952222D0-935B-3B06-A4E6-8B5D5A0FE69F}
		{F86EEC66-5E77-31AA-8206-E66A468D908A} = {F86EEC66-5E77-31AA-8206-E66A468D908A}
		{4CEEC93C-74E5-330A-99A9-38A7C485AF34} = {4CEEC93C-74E5-330A-99A9-38A7C485AF34}
		{7B4FAEAB-280D-3181-B868-EA50436D338E} = {7B4FAEAB-280D-3181-B868-EA50436D338E}
		{E24D82A1-1D0E-370A-BE2D-464B87D57E9B} = {E24D82A1-1D0E-370A-BE2D-464B87D57E9B}
		{426E1F85-29F6-3BEC-B82F-8C99F70D8E69} = {426E1F85-29F6-3BEC-B82F-8C99F70D8E69}
		{BC525BA2-953B-338B-AD0C-833B87CE0EA5} = {BC525BA2-953B-338B-AD0C-833B87CE0EA5}
		{5CE3D047-6CE8-3A93-B4D0-69D28BD7DE0B} = {5CE3D047-6CE8-3A93-B4D0-69D28BD7DE0B}
		{AF7DCCAB-9CC1-3029-93F0-B88149A98EA1} = {AF7DCCAB-9CC1-3029-93F0-B88149A98EA1}
		{FF1AEB04-A440-318B-A334-B39BEAB70066} = {FF1AEB04-A440-318B-A334-B39BEAB70066}
		{A84EB34C-5311-3B38-A757-F1BEE64D8A17} = {A84EB34C-5311-3B38-A757-F1BEE64D8A17}
	EndProjectSection
EndProject
Project("{8BC9CEB8-8B4A-11D0-8D11-00A0C91BC942}") = "SnippetToleranceScale", "SnippetToleranceScale.vcxproj", "{C4B9FF4A-9EE9-3110-A1D4-1C9122297B53}"
	ProjectSection(ProjectDependencies) = postProject
		{952222D0-935B-3B06-A4E6-8B5D5A0FE69F} = {952222D0-935B-3B06-A4E6-8B5D5A0FE69F}
		{F86EEC66-5E77-31AA-8206-E66A468D908A} = {F86EEC66-5E77-31AA-8206-E66A468D908A}
		{4CEEC93C-74E5-330A-99A9-38A7C485AF34} = {4CEEC93C-74E5-330A-99A9-38A7C485AF34}
		{7B4FAEAB-280D-3181-B868-EA50436D338E} = {7B4FAEAB-280D-3181-B868-EA50436D338E}
		{E24D82A1-1D0E-370A-BE2D-464B87D57E9B} = {E24D82A1-1D0E-370A-BE2D-464B87D57E9B}
		{426E1F85-29F6-3BEC-B82F-8C99F70D8E69} = {426E1F85-29F6-3BEC-B82F-8C99F70D8E69}
		{BC525BA2-953B-338B-AD0C-833B87CE0EA5} = {BC525BA2-953B-338B-AD0C-833B87CE0EA5}
		{5CE3D047-6CE8-3A93-B4D0-69D28BD7DE0B} = {5CE3D047-6CE8-3A93-B4D0-69D28BD7DE0B}
		{AF7DCCAB-9CC1-3029-93F0-B88149A98EA1} = {AF7DCCAB-9CC1-3029-93F0-B88149A98EA1}
		{FF1AEB04-A440-318B-A334-B39BEAB70066} = {FF1AEB04-A440-318B-A334-B39BEAB70066}
		{A84EB34C-5311-3B38-A757-F1BEE64D8A17} = {A84EB34C-5311-3B38-A757-F1BEE64D8A17}
	EndProjectSection
EndProject
Project("{8BC9CEB8-8B4A-11D0-8D11-00A0C91BC942}") = "SnippetTriangleMeshCreate", "SnippetTriangleMeshCreate.vcxproj", "{3BF656FE-B9B1-396F-88CA-2286C6357827}"
	ProjectSection(ProjectDependencies) = postProject
		{952222D0-935B-3B06-A4E6-8B5D5A0FE69F} = {952222D0-935B-3B06-A4E6-8B5D5A0FE69F}
		{F86EEC66-5E77-31AA-8206-E66A468D908A} = {F86EEC66-5E77-31AA-8206-E66A468D908A}
		{4CEEC93C-74E5-330A-99A9-38A7C485AF34} = {4CEEC93C-74E5-330A-99A9-38A7C485AF34}
		{7B4FAEAB-280D-3181-B868-EA50436D338E} = {7B4FAEAB-280D-3181-B868-EA50436D338E}
		{E24D82A1-1D0E-370A-BE2D-464B87D57E9B} = {E24D82A1-1D0E-370A-BE2D-464B87D57E9B}
		{426E1F85-29F6-3BEC-B82F-8C99F70D8E69} = {426E1F85-29F6-3BEC-B82F-8C99F70D8E69}
		{BC525BA2-953B-338B-AD0C-833B87CE0EA5} = {BC525BA2-953B-338B-AD0C-833B87CE0EA5}
		{5CE3D047-6CE8-3A93-B4D0-69D28BD7DE0B} = {5CE3D047-6CE8-3A93-B4D0-69D28BD7DE0B}
		{AF7DCCAB-9CC1-3029-93F0-B88149A98EA1} = {AF7DCCAB-9CC1-3029-93F0-B88149A98EA1}
		{FF1AEB04-A440-318B-A334-B39BEAB70066} = {FF1AEB04-A440-318B-A334-B39BEAB70066}
		{A84EB34C-5311-3B38-A757-F1BEE64D8A17} = {A84EB34C-5311-3B38-A757-F1BEE64D8A17}
	EndProjectSection
EndProject
Project("{8BC9CEB8-8B4A-11D0-8D11-00A0C91BC942}") = "SnippetTriggers", "SnippetTriggers.vcxproj", "{3EC05C9A-91B5-3622-9AFD-B9E3E7267AD8}"
	ProjectSection(ProjectDependencies) = postProject
		{952222D0-935B-3B06-A4E6-8B5D5A0FE69F} = {952222D0-935B-3B06-A4E6-8B5D5A0FE69F}
		{F86EEC66-5E77-31AA-8206-E66A468D908A} = {F86EEC66-5E77-31AA-8206-E66A468D908A}
		{4CEEC93C-74E5-330A-99A9-38A7C485AF34} = {4CEEC93C-74E5-330A-99A9-38A7C485AF34}
		{7B4FAEAB-280D-3181-B868-EA50436D338E} = {7B4FAEAB-280D-3181-B868-EA50436D338E}
		{E24D82A1-1D0E-370A-BE2D-464B87D57E9B} = {E24D82A1-1D0E-370A-BE2D-464B87D57E9B}
		{426E1F85-29F6-3BEC-B82F-8C99F70D8E69} = {426E1F85-29F6-3BEC-B82F-8C99F70D8E69}
		{BC525BA2-953B-338B-AD0C-833B87CE0EA5} = {BC525BA2-953B-338B-AD0C-833B87CE0EA5}
		{5CE3D047-6CE8-3A93-B4D0-69D28BD7DE0B} = {5CE3D047-6CE8-3A93-B4D0-69D28BD7DE0B}
		{AF7DCCAB-9CC1-3029-93F0-B88149A98EA1} = {AF7DCCAB-9CC1-3029-93F0-B88149A98EA1}
		{FF1AEB04-A440-318B-A334-B39BEAB70066} = {FF1AEB04-A440-318B-A334-B39BEAB70066}
		{A84EB34C-5311-3B38-A757-F1BEE64D8A17} = {A84EB34C-5311-3B38-A757-F1BEE64D8A17}
	EndProjectSection
EndProject
Project("{8BC9CEB8-8B4A-11D0-8D11-00A0C91BC942}") = "SnippetUtils", "SnippetUtils.vcxproj", "{FF1AEB04-A440-318B-A334-B39BEAB70066}"
	ProjectSection(ProjectDependencies) = postProject
		{426E1F85-29F6-3BEC-B82F-8C99F70D8E69} = {426E1F85-29F6-3BEC-B82F-8C99F70D8E69}
		{A84EB34C-5311-3B38-A757-F1BEE64D8A17} = {A84EB34C-5311-3B38-A757-F1BEE64D8A17}
	EndProjectSection
EndProject
Project("{8BC9CEB8-8B4A-11D0-8D11-00A0C91BC942}") = "SnippetVehicle4W", "SnippetVehicle4W.vcxproj", "{5ED5D6FF-8637-3391-9FB5-63B916195972}"
	ProjectSection(ProjectDependencies) = postProject
		{952222D0-935B-3B06-A4E6-8B5D5A0FE69F} = {952222D0-935B-3B06-A4E6-8B5D5A0FE69F}
		{F86EEC66-5E77-31AA-8206-E66A468D908A} = {F86EEC66-5E77-31AA-8206-E66A468D908A}
		{4CEEC93C-74E5-330A-99A9-38A7C485AF34} = {4CEEC93C-74E5-330A-99A9-38A7C485AF34}
		{7B4FAEAB-280D-3181-B868-EA50436D338E} = {7B4FAEAB-280D-3181-B868-EA50436D338E}
		{E24D82A1-1D0E-370A-BE2D-464B87D57E9B} = {E24D82A1-1D0E-370A-BE2D-464B87D57E9B}
		{426E1F85-29F6-3BEC-B82F-8C99F70D8E69} = {426E1F85-29F6-3BEC-B82F-8C99F70D8E69}
		{BC525BA2-953B-338B-AD0C-833B87CE0EA5} = {BC525BA2-953B-338B-AD0C-833B87CE0EA5}
		{B86B79E3-33F9-39F9-9CA6-B7E7302399F9} = {B86B79E3-33F9-39F9-9CA6-B7E7302399F9}
		{5CE3D047-6CE8-3A93-B4D0-69D28BD7DE0B} = {5CE3D047-6CE8-3A93-B4D0-69D28BD7DE0B}
		{AF7DCCAB-9CC1-3029-93F0-B88149A98EA1} = {AF7DCCAB-9CC1-3029-93F0-B88149A98EA1}
		{FF1AEB04-A440-318B-A334-B39BEAB70066} = {FF1AEB04-A440-318B-A334-B39BEAB70066}
		{A84EB34C-5311-3B38-A757-F1BEE64D8A17} = {A84EB34C-5311-3B38-A757-F1BEE64D8A17}
	EndProjectSection
EndProject
Project("{8BC9CEB8-8B4A-11D0-8D11-00A0C91BC942}") = "SnippetVehicleContactMod", "SnippetVehicleContactMod.vcxproj", "{0C360622-DC1A-34D1-A608-B94455F0C410}"
	ProjectSection(ProjectDependencies) = postProject
		{952222D0-935B-3B06-A4E6-8B5D5A0FE69F} = {952222D0-935B-3B06-A4E6-8B5D5A0FE69F}
		{F86EEC66-5E77-31AA-8206-E66A468D908A} = {F86EEC66-5E77-31AA-8206-E66A468D908A}
		{4CEEC93C-74E5-330A-99A9-38A7C485AF34} = {4CEEC93C-74E5-330A-99A9-38A7C485AF34}
		{7B4FAEAB-280D-3181-B868-EA50436D338E} = {7B4FAEAB-280D-3181-B868-EA50436D338E}
		{E24D82A1-1D0E-370A-BE2D-464B87D57E9B} = {E24D82A1-1D0E-370A-BE2D-464B87D57E9B}
		{426E1F85-29F6-3BEC-B82F-8C99F70D8E69} = {426E1F85-29F6-3BEC-B82F-8C99F70D8E69}
		{BC525BA2-953B-338B-AD0C-833B87CE0EA5} = {BC525BA2-953B-338B-AD0C-833B87CE0EA5}
		{B86B79E3-33F9-39F9-9CA6-B7E7302399F9} = {B86B79E3-33F9-39F9-9CA6-B7E7302399F9}
		{5CE3D047-6CE8-3A93-B4D0-69D28BD7DE0B} = {5CE3D047-6CE8-3A93-B4D0-69D28BD7DE0B}
		{AF7DCCAB-9CC1-3029-93F0-B88149A98EA1} = {AF7DCCAB-9CC1-3029-93F0-B88149A98EA1}
		{FF1AEB04-A440-318B-A334-B39BEAB70066} = {FF1AEB04-A440-318B-A334-B39BEAB70066}
		{A84EB34C-5311-3B38-A757-F1BEE64D8A17} = {A84EB34C-5311-3B38-A757-F1BEE64D8A17}
	EndProjectSection
EndProject
Project("{8BC9CEB8-8B4A-11D0-8D11-00A0C91BC942}") = "SnippetVehicleMultiThreading", "SnippetVehicleMultiThreading.vcxproj", "{44711C2B-EE9B-3B04-B78C-CF9EEE237A8C}"
	ProjectSection(ProjectDependencies) = postProject
		{952222D0-935B-3B06-A4E6-8B5D5A0FE69F} = {952222D0-935B-3B06-A4E6-8B5D5A0FE69F}
		{F86EEC66-5E77-31AA-8206-E66A468D908A} = {F86EEC66-5E77-31AA-8206-E66A468D908A}
		{4CEEC93C-74E5-330A-99A9-38A7C485AF34} = {4CEEC93C-74E5-330A-99A9-38A7C485AF34}
		{7B4FAEAB-280D-3181-B868-EA50436D338E} = {7B4FAEAB-280D-3181-B868-EA50436D338E}
		{E24D82A1-1D0E-370A-BE2D-464B87D57E9B} = {E24D82A1-1D0E-370A-BE2D-464B87D57E9B}
		{426E1F85-29F6-3BEC-B82F-8C99F70D8E69} = {426E1F85-29F6-3BEC-B82F-8C99F70D8E69}
		{BC525BA2-953B-338B-AD0C-833B87CE0EA5} = {BC525BA2-953B-338B-AD0C-833B87CE0EA5}
		{B86B79E3-33F9-39F9-9CA6-B7E7302399F9} = {B86B79E3-33F9-39F9-9CA6-B7E7302399F9}
		{5CE3D047-6CE8-3A93-B4D0-69D28BD7DE0B} = {5CE3D047-6CE8-3A93-B4D0-69D28BD7DE0B}
		{AF7DCCAB-9CC1-3029-93F0-B88149A98EA1} = {AF7DCCAB-9CC1-3029-93F0-B88149A98EA1}
		{FF1AEB04-A440-318B-A334-B39BEAB70066} = {FF1AEB04-A440-318B-A334-B39BEAB70066}
		{A84EB34C-5311-3B38-A757-F1BEE64D8A17} = {A84EB34C-5311-3B38-A757-F1BEE64D8A17}
	EndProjectSection
EndProject
Project("{8BC9CEB8-8B4A-11D0-8D11-00A0C91BC942}") = "SnippetVehicleNoDrive", "SnippetVehicleNoDrive.vcxproj", "{F92B29C1-43A9-3AC2-8748-E8C7140BB1E9}"
	ProjectSection(ProjectDependencies) = postProject
		{952222D0-935B-3B06-A4E6-8B5D5A0FE69F} = {952222D0-935B-3B06-A4E6-8B5D5A0FE69F}
		{F86EEC66-5E77-31AA-8206-E66A468D908A} = {F86EEC66-5E77-31AA-8206-E66A468D908A}
		{4CEEC93C-74E5-330A-99A9-38A7C485AF34} = {4CEEC93C-74E5-330A-99A9-38A7C485AF34}
		{7B4FAEAB-280D-3181-B868-EA50436D338E} = {7B4FAEAB-280D-3181-B868-EA50436D338E}
		{E24D82A1-1D0E-370A-BE2D-464B87D57E9B} = {E24D82A1-1D0E-370A-BE2D-464B87D57E9B}
		{426E1F85-29F6-3BEC-B82F-8C99F70D8E69} = {426E1F85-29F6-3BEC-B82F-8C99F70D8E69}
		{BC525BA2-953B-338B-AD0C-833B87CE0EA5} = {BC525BA2-953B-338B-AD0C-833B87CE0EA5}
		{B86B79E3-33F9-39F9-9CA6-B7E7302399F9} = {B86B79E3-33F9-39F9-9CA6-B7E7302399F9}
		{5CE3D047-6CE8-3A93-B4D0-69D28BD7DE0B} = {5CE3D047-6CE8-3A93-B4D0-69D28BD7DE0B}
		{AF7DCCAB-9CC1-3029-93F0-B88149A98EA1} = {AF7DCCAB-9CC1-3029-93F0-B88149A98EA1}
		{FF1AEB04-A440-318B-A334-B39BEAB70066} = {FF1AEB04-A440-318B-A334-B39BEAB70066}
		{A84EB34C-5311-3B38-A757-F1BEE64D8A17} = {A84EB34C-5311-3B38-A757-F1BEE64D8A17}
	EndProjectSection
EndProject
Project("{8BC9CEB8-8B4A-11D0-8D11-00A0C91BC942}") = "SnippetVehicleScale", "SnippetVehicleScale.vcxproj", "{6A63900C-2C97-39E8-B209-FE2177915933}"
	ProjectSection(ProjectDependencies) = postProject
		{952222D0-935B-3B06-A4E6-8B5D5A0FE69F} = {952222D0-935B-3B06-A4E6-8B5D5A0FE69F}
		{F86EEC66-5E77-31AA-8206-E66A468D908A} = {F86EEC66-5E77-31AA-8206-E66A468D908A}
		{4CEEC93C-74E5-330A-99A9-38A7C485AF34} = {4CEEC93C-74E5-330A-99A9-38A7C485AF34}
		{7B4FAEAB-280D-3181-B868-EA50436D338E} = {7B4FAEAB-280D-3181-B868-EA50436D338E}
		{E24D82A1-1D0E-370A-BE2D-464B87D57E9B} = {E24D82A1-1D0E-370A-BE2D-464B87D57E9B}
		{426E1F85-29F6-3BEC-B82F-8C99F70D8E69} = {426E1F85-29F6-3BEC-B82F-8C99F70D8E69}
		{BC525BA2-953B-338B-AD0C-833B87CE0EA5} = {BC525BA2-953B-338B-AD0C-833B87CE0EA5}
		{B86B79E3-33F9-39F9-9CA6-B7E7302399F9} = {B86B79E3-33F9-39F9-9CA6-B7E7302399F9}
		{5CE3D047-6CE8-3A93-B4D0-69D28BD7DE0B} = {5CE3D047-6CE8-3A93-B4D0-69D28BD7DE0B}
		{AF7DCCAB-9CC1-3029-93F0-B88149A98EA1} = {AF7DCCAB-9CC1-3029-93F0-B88149A98EA1}
		{FF1AEB04-A440-318B-A334-B39BEAB70066} = {FF1AEB04-A440-318B-A334-B39BEAB70066}
		{A84EB34C-5311-3B38-A757-F1BEE64D8A17} = {A84EB34C-5311-3B38-A757-F1BEE64D8A17}
	EndProjectSection
EndProject
Project("{8BC9CEB8-8B4A-11D0-8D11-00A0C91BC942}") = "SnippetVehicleTank", "SnippetVehicleTank.vcxproj", "{4B903F6A-D20E-3C83-814B-66710B9DCD7F}"
	ProjectSection(ProjectDependencies) = postProject
		{952222D0-935B-3B06-A4E6-8B5D5A0FE69F} = {952222D0-935B-3B06-A4E6-8B5D5A0FE69F}
		{F86EEC66-5E77-31AA-8206-E66A468D908A} = {F86EEC66-5E77-31AA-8206-E66A468D908A}
		{4CEEC93C-74E5-330A-99A9-38A7C485AF34} = {4CEEC93C-74E5-330A-99A9-38A7C485AF34}
		{7B4FAEAB-280D-3181-B868-EA50436D338E} = {7B4FAEAB-280D-3181-B868-EA50436D338E}
		{E24D82A1-1D0E-370A-BE2D-464B87D57E9B} = {E24D82A1-1D0E-370A-BE2D-464B87D57E9B}
		{426E1F85-29F6-3BEC-B82F-8C99F70D8E69} = {426E1F85-29F6-3BEC-B82F-8C99F70D8E69}
		{BC525BA2-953B-338B-AD0C-833B87CE0EA5} = {BC525BA2-953B-338B-AD0C-833B87CE0EA5}
		{B86B79E3-33F9-39F9-9CA6-B7E7302399F9} = {B86B79E3-33F9-39F9-9CA6-B7E7302399F9}
		{5CE3D047-6CE8-3A93-B4D0-69D28BD7DE0B} = {5CE3D047-6CE8-3A93-B4D0-69D28BD7DE0B}
		{AF7DCCAB-9CC1-3029-93F0-B88149A98EA1} = {AF7DCCAB-9CC1-3029-93F0-B88149A98EA1}
		{FF1AEB04-A440-318B-A334-B39BEAB70066} = {FF1AEB04-A440-318B-A334-B39BEAB70066}
		{A84EB34C-5311-3B38-A757-F1BEE64D8A17} = {A84EB34C-5311-3B38-A757-F1BEE64D8A17}
	EndProjectSection
EndProject
Project("{8BC9CEB8-8B4A-11D0-8D11-00A0C91BC942}") = "ZERO_CHECK", "..\\ZERO_CHECK.vcxproj", "{A84EB34C-5311-3B38-A757-F1BEE64D8A17}"
	ProjectSection(ProjectDependencies) = postProject
	EndProjectSection
EndProject
Global
	GlobalSection(SolutionConfigurationPlatforms) = preSolution
		debug|x64 = debug|x64
		checked|x64 = checked|x64
		profile|x64 = profile|x64
		release|x64 = release|x64
	EndGlobalSection
	GlobalSection(ProjectConfigurationPlatforms) = postSolution
		{EAC888F4-2643-308B-BB69-4331FA6FDFC6}.debug|x64.ActiveCfg = debug|x64
		{EAC888F4-2643-308B-BB69-4331FA6FDFC6}.debug|x64.Build.0 = debug|x64
		{EAC888F4-2643-308B-BB69-4331FA6FDFC6}.checked|x64.ActiveCfg = checked|x64
		{EAC888F4-2643-308B-BB69-4331FA6FDFC6}.checked|x64.Build.0 = checked|x64
		{EAC888F4-2643-308B-BB69-4331FA6FDFC6}.profile|x64.ActiveCfg = profile|x64
		{EAC888F4-2643-308B-BB69-4331FA6FDFC6}.profile|x64.Build.0 = profile|x64
		{EAC888F4-2643-308B-BB69-4331FA6FDFC6}.release|x64.ActiveCfg = release|x64
		{EAC888F4-2643-308B-BB69-4331FA6FDFC6}.release|x64.Build.0 = release|x64
		{B3307CF2-B838-3FD2-AEF4-EDFEAD437BDD}.debug|x64.ActiveCfg = debug|x64
		{B3307CF2-B838-3FD2-AEF4-EDFEAD437BDD}.debug|x64.Build.0 = debug|x64
		{B3307CF2-B838-3FD2-AEF4-EDFEAD437BDD}.checked|x64.ActiveCfg = checked|x64
		{B3307CF2-B838-3FD2-AEF4-EDFEAD437BDD}.checked|x64.Build.0 = checked|x64
		{B3307CF2-B838-3FD2-AEF4-EDFEAD437BDD}.profile|x64.ActiveCfg = profile|x64
		{B3307CF2-B838-3FD2-AEF4-EDFEAD437BDD}.profile|x64.Build.0 = profile|x64
		{B3307CF2-B838-3FD2-AEF4-EDFEAD437BDD}.release|x64.ActiveCfg = release|x64
		{B3307CF2-B838-3FD2-AEF4-EDFEAD437BDD}.release|x64.Build.0 = release|x64
		{F89A9281-28C2-3409-A4F9-5B82E8C96863}.debug|x64.ActiveCfg = debug|x64
		{F89A9281-28C2-3409-A4F9-5B82E8C96863}.checked|x64.ActiveCfg = checked|x64
		{F89A9281-28C2-3409-A4F9-5B82E8C96863}.profile|x64.ActiveCfg = profile|x64
		{F89A9281-28C2-3409-A4F9-5B82E8C96863}.release|x64.ActiveCfg = release|x64
		{CD7CDA36-F4C1-3CD2-8D8A-8967F22D7A7C}.debug|x64.ActiveCfg = debug|x64
		{CD7CDA36-F4C1-3CD2-8D8A-8967F22D7A7C}.debug|x64.Build.0 = debug|x64
		{CD7CDA36-F4C1-3CD2-8D8A-8967F22D7A7C}.checked|x64.ActiveCfg = checked|x64
		{CD7CDA36-F4C1-3CD2-8D8A-8967F22D7A7C}.checked|x64.Build.0 = checked|x64
		{CD7CDA36-F4C1-3CD2-8D8A-8967F22D7A7C}.profile|x64.ActiveCfg = profile|x64
		{CD7CDA36-F4C1-3CD2-8D8A-8967F22D7A7C}.profile|x64.Build.0 = profile|x64
		{CD7CDA36-F4C1-3CD2-8D8A-8967F22D7A7C}.release|x64.ActiveCfg = release|x64
		{CD7CDA36-F4C1-3CD2-8D8A-8967F22D7A7C}.release|x64.Build.0 = release|x64
		{3D27752A-1739-3378-8B37-7A31F1DA68D3}.debug|x64.ActiveCfg = debug|x64
		{3D27752A-1739-3378-8B37-7A31F1DA68D3}.debug|x64.Build.0 = debug|x64
		{3D27752A-1739-3378-8B37-7A31F1DA68D3}.checked|x64.ActiveCfg = checked|x64
		{3D27752A-1739-3378-8B37-7A31F1DA68D3}.checked|x64.Build.0 = checked|x64
		{3D27752A-1739-3378-8B37-7A31F1DA68D3}.profile|x64.ActiveCfg = profile|x64
		{3D27752A-1739-3378-8B37-7A31F1DA68D3}.profile|x64.Build.0 = profile|x64
		{3D27752A-1739-3378-8B37-7A31F1DA68D3}.release|x64.ActiveCfg = release|x64
		{3D27752A-1739-3378-8B37-7A31F1DA68D3}.release|x64.Build.0 = release|x64
		{30149D23-6771-3E0E-8A18-8440ACE4DEF3}.debug|x64.ActiveCfg = debug|x64
		{30149D23-6771-3E0E-8A18-8440ACE4DEF3}.debug|x64.Build.0 = debug|x64
		{30149D23-6771-3E0E-8A18-8440ACE4DEF3}.checked|x64.ActiveCfg = checked|x64
		{30149D23-6771-3E0E-8A18-8440ACE4DEF3}.checked|x64.Build.0 = checked|x64
		{30149D23-6771-3E0E-8A18-8440ACE4DEF3}.profile|x64.ActiveCfg = profile|x64
		{30149D23-6771-3E0E-8A18-8440ACE4DEF3}.profile|x64.Build.0 = profile|x64
		{30149D23-6771-3E0E-8A18-8440ACE4DEF3}.release|x64.ActiveCfg = release|x64
		{30149D23-6771-3E0E-8A18-8440ACE4DEF3}.release|x64.Build.0 = release|x64
		{952222D0-935B-3B06-A4E6-8B5D5A0FE69F}.debug|x64.ActiveCfg = debug|x64
		{952222D0-935B-3B06-A4E6-8B5D5A0FE69F}.debug|x64.Build.0 = debug|x64
		{952222D0-935B-3B06-A4E6-8B5D5A0FE69F}.checked|x64.ActiveCfg = checked|x64
		{952222D0-935B-3B06-A4E6-8B5D5A0FE69F}.checked|x64.Build.0 = checked|x64
		{952222D0-935B-3B06-A4E6-8B5D5A0FE69F}.profile|x64.ActiveCfg = profile|x64
		{952222D0-935B-3B06-A4E6-8B5D5A0FE69F}.profile|x64.Build.0 = profile|x64
		{952222D0-935B-3B06-A4E6-8B5D5A0FE69F}.release|x64.ActiveCfg = release|x64
		{952222D0-935B-3B06-A4E6-8B5D5A0FE69F}.release|x64.Build.0 = release|x64
		{F86EEC66-5E77-31AA-8206-E66A468D908A}.debug|x64.ActiveCfg = debug|x64
		{F86EEC66-5E77-31AA-8206-E66A468D908A}.debug|x64.Build.0 = debug|x64
		{F86EEC66-5E77-31AA-8206-E66A468D908A}.checked|x64.ActiveCfg = checked|x64
		{F86EEC66-5E77-31AA-8206-E66A468D908A}.checked|x64.Build.0 = checked|x64
		{F86EEC66-5E77-31AA-8206-E66A468D908A}.profile|x64.ActiveCfg = profile|x64
		{F86EEC66-5E77-31AA-8206-E66A468D908A}.profile|x64.Build.0 = profile|x64
		{F86EEC66-5E77-31AA-8206-E66A468D908A}.release|x64.ActiveCfg = release|x64
		{F86EEC66-5E77-31AA-8206-E66A468D908A}.release|x64.Build.0 = release|x64
		{4CEEC93C-74E5-330A-99A9-38A7C485AF34}.debug|x64.ActiveCfg = debug|x64
		{4CEEC93C-74E5-330A-99A9-38A7C485AF34}.debug|x64.Build.0 = debug|x64
		{4CEEC93C-74E5-330A-99A9-38A7C485AF34}.checked|x64.ActiveCfg = checked|x64
		{4CEEC93C-74E5-330A-99A9-38A7C485AF34}.checked|x64.Build.0 = checked|x64
		{4CEEC93C-74E5-330A-99A9-38A7C485AF34}.profile|x64.ActiveCfg = profile|x64
		{4CEEC93C-74E5-330A-99A9-38A7C485AF34}.profile|x64.Build.0 = profile|x64
		{4CEEC93C-74E5-330A-99A9-38A7C485AF34}.release|x64.ActiveCfg = release|x64
		{4CEEC93C-74E5-330A-99A9-38A7C485AF34}.release|x64.Build.0 = release|x64
		{7B4FAEAB-280D-3181-B868-EA50436D338E}.debug|x64.ActiveCfg = debug|x64
		{7B4FAEAB-280D-3181-B868-EA50436D338E}.debug|x64.Build.0 = debug|x64
		{7B4FAEAB-280D-3181-B868-EA50436D338E}.checked|x64.ActiveCfg = checked|x64
		{7B4FAEAB-280D-3181-B868-EA50436D338E}.checked|x64.Build.0 = checked|x64
		{7B4FAEAB-280D-3181-B868-EA50436D338E}.profile|x64.ActiveCfg = profile|x64
		{7B4FAEAB-280D-3181-B868-EA50436D338E}.profile|x64.Build.0 = profile|x64
		{7B4FAEAB-280D-3181-B868-EA50436D338E}.release|x64.ActiveCfg = release|x64
		{7B4FAEAB-280D-3181-B868-EA50436D338E}.release|x64.Build.0 = release|x64
		{E24D82A1-1D0E-370A-BE2D-464B87D57E9B}.debug|x64.ActiveCfg = debug|x64
		{E24D82A1-1D0E-370A-BE2D-464B87D57E9B}.debug|x64.Build.0 = debug|x64
		{E24D82A1-1D0E-370A-BE2D-464B87D57E9B}.checked|x64.ActiveCfg = checked|x64
		{E24D82A1-1D0E-370A-BE2D-464B87D57E9B}.checked|x64.Build.0 = checked|x64
		{E24D82A1-1D0E-370A-BE2D-464B87D57E9B}.profile|x64.ActiveCfg = profile|x64
		{E24D82A1-1D0E-370A-BE2D-464B87D57E9B}.profile|x64.Build.0 = profile|x64
		{E24D82A1-1D0E-370A-BE2D-464B87D57E9B}.release|x64.ActiveCfg = release|x64
		{E24D82A1-1D0E-370A-BE2D-464B87D57E9B}.release|x64.Build.0 = release|x64
		{426E1F85-29F6-3BEC-B82F-8C99F70D8E69}.debug|x64.ActiveCfg = debug|x64
		{426E1F85-29F6-3BEC-B82F-8C99F70D8E69}.debug|x64.Build.0 = debug|x64
		{426E1F85-29F6-3BEC-B82F-8C99F70D8E69}.checked|x64.ActiveCfg = checked|x64
		{426E1F85-29F6-3BEC-B82F-8C99F70D8E69}.checked|x64.Build.0 = checked|x64
		{426E1F85-29F6-3BEC-B82F-8C99F70D8E69}.profile|x64.ActiveCfg = profile|x64
		{426E1F85-29F6-3BEC-B82F-8C99F70D8E69}.profile|x64.Build.0 = profile|x64
		{426E1F85-29F6-3BEC-B82F-8C99F70D8E69}.release|x64.ActiveCfg = release|x64
		{426E1F85-29F6-3BEC-B82F-8C99F70D8E69}.release|x64.Build.0 = release|x64
		{BC525BA2-953B-338B-AD0C-833B87CE0EA5}.debug|x64.ActiveCfg = debug|x64
		{BC525BA2-953B-338B-AD0C-833B87CE0EA5}.debug|x64.Build.0 = debug|x64
		{BC525BA2-953B-338B-AD0C-833B87CE0EA5}.checked|x64.ActiveCfg = checked|x64
		{BC525BA2-953B-338B-AD0C-833B87CE0EA5}.checked|x64.Build.0 = checked|x64
		{BC525BA2-953B-338B-AD0C-833B87CE0EA5}.profile|x64.ActiveCfg = profile|x64
		{BC525BA2-953B-338B-AD0C-833B87CE0EA5}.profile|x64.Build.0 = profile|x64
		{BC525BA2-953B-338B-AD0C-833B87CE0EA5}.release|x64.ActiveCfg = release|x64
		{BC525BA2-953B-338B-AD0C-833B87CE0EA5}.release|x64.Build.0 = release|x64
		{B86B79E3-33F9-39F9-9CA6-B7E7302399F9}.debug|x64.ActiveCfg = debug|x64
		{B86B79E3-33F9-39F9-9CA6-B7E7302399F9}.debug|x64.Build.0 = debug|x64
		{B86B79E3-33F9-39F9-9CA6-B7E7302399F9}.checked|x64.ActiveCfg = checked|x64
		{B86B79E3-33F9-39F9-9CA6-B7E7302399F9}.checked|x64.Build.0 = checked|x64
		{B86B79E3-33F9-39F9-9CA6-B7E7302399F9}.profile|x64.ActiveCfg = profile|x64
		{B86B79E3-33F9-39F9-9CA6-B7E7302399F9}.profile|x64.Build.0 = profile|x64
		{B86B79E3-33F9-39F9-9CA6-B7E7302399F9}.release|x64.ActiveCfg = release|x64
		{B86B79E3-33F9-39F9-9CA6-B7E7302399F9}.release|x64.Build.0 = release|x64
		{5CE3D047-6CE8-3A93-B4D0-69D28BD7DE0B}.debug|x64.ActiveCfg = debug|x64
		{5CE3D047-6CE8-3A93-B4D0-69D28BD7DE0B}.debug|x64.Build.0 = debug|x64
		{5CE3D047-6CE8-3A93-B4D0-69D28BD7DE0B}.checked|x64.ActiveCfg = checked|x64
		{5CE3D047-6CE8-3A93-B4D0-69D28BD7DE0B}.checked|x64.Build.0 = checked|x64
		{5CE3D047-6CE8-3A93-B4D0-69D28BD7DE0B}.profile|x64.ActiveCfg = profile|x64
		{5CE3D047-6CE8-3A93-B4D0-69D28BD7DE0B}.profile|x64.Build.0 = profile|x64
		{5CE3D047-6CE8-3A93-B4D0-69D28BD7DE0B}.release|x64.ActiveCfg = release|x64
		{5CE3D047-6CE8-3A93-B4D0-69D28BD7DE0B}.release|x64.Build.0 = release|x64
		{34FB0F6E-6BC5-333E-8EFC-89F61D07998D}.debug|x64.ActiveCfg = debug|x64
		{34FB0F6E-6BC5-333E-8EFC-89F61D07998D}.debug|x64.Build.0 = debug|x64
		{34FB0F6E-6BC5-333E-8EFC-89F61D07998D}.checked|x64.ActiveCfg = checked|x64
		{34FB0F6E-6BC5-333E-8EFC-89F61D07998D}.checked|x64.Build.0 = checked|x64
		{34FB0F6E-6BC5-333E-8EFC-89F61D07998D}.profile|x64.ActiveCfg = profile|x64
		{34FB0F6E-6BC5-333E-8EFC-89F61D07998D}.profile|x64.Build.0 = profile|x64
		{34FB0F6E-6BC5-333E-8EFC-89F61D07998D}.release|x64.ActiveCfg = release|x64
		{34FB0F6E-6BC5-333E-8EFC-89F61D07998D}.release|x64.Build.0 = release|x64
		{EE47B57C-6B2B-377A-ACED-2B04F65B6981}.debug|x64.ActiveCfg = debug|x64
		{EE47B57C-6B2B-377A-ACED-2B04F65B6981}.debug|x64.Build.0 = debug|x64
		{EE47B57C-6B2B-377A-ACED-2B04F65B6981}.checked|x64.ActiveCfg = checked|x64
		{EE47B57C-6B2B-377A-ACED-2B04F65B6981}.checked|x64.Build.0 = checked|x64
		{EE47B57C-6B2B-377A-ACED-2B04F65B6981}.profile|x64.ActiveCfg = profile|x64
		{EE47B57C-6B2B-377A-ACED-2B04F65B6981}.profile|x64.Build.0 = profile|x64
		{EE47B57C-6B2B-377A-ACED-2B04F65B6981}.release|x64.ActiveCfg = release|x64
		{EE47B57C-6B2B-377A-ACED-2B04F65B6981}.release|x64.Build.0 = release|x64
		{C55B9DBC-4CCA-3CCE-BBD5-429C65FD3646}.debug|x64.ActiveCfg = debug|x64
		{C55B9DBC-4CCA-3CCE-BBD5-429C65FD3646}.debug|x64.Build.0 = debug|x64
		{C55B9DBC-4CCA-3CCE-BBD5-429C65FD3646}.checked|x64.ActiveCfg = checked|x64
		{C55B9DBC-4CCA-3CCE-BBD5-429C65FD3646}.checked|x64.Build.0 = checked|x64
		{C55B9DBC-4CCA-3CCE-BBD5-429C65FD3646}.profile|x64.ActiveCfg = profile|x64
		{C55B9DBC-4CCA-3CCE-BBD5-429C65FD3646}.profile|x64.Build.0 = profile|x64
		{C55B9DBC-4CCA-3CCE-BBD5-429C65FD3646}.release|x64.ActiveCfg = release|x64
		{C55B9DBC-4CCA-3CCE-BBD5-429C65FD3646}.release|x64.Build.0 = release|x64
		{6446E8C5-5199-301C-A72C-BDB8AB351038}.debug|x64.ActiveCfg = debug|x64
		{6446E8C5-5199-301C-A72C-BDB8AB351038}.debug|x64.Build.0 = debug|x64
		{6446E8C5-5199-301C-A72C-BDB8AB351038}.checked|x64.ActiveCfg = checked|x64
		{6446E8C5-5199-301C-A72C-BDB8AB351038}.checked|x64.Build.0 = checked|x64
		{6446E8C5-5199-301C-A72C-BDB8AB351038}.profile|x64.ActiveCfg = profile|x64
		{6446E8C5-5199-301C-A72C-BDB8AB351038}.profile|x64.Build.0 = profile|x64
		{6446E8C5-5199-301C-A72C-BDB8AB351038}.release|x64.ActiveCfg = release|x64
		{6446E8C5-5199-301C-A72C-BDB8AB351038}.release|x64.Build.0 = release|x64
		{28791DB1-2A10-32C3-A07F-F23E44AE94FF}.debug|x64.ActiveCfg = debug|x64
		{28791DB1-2A10-32C3-A07F-F23E44AE94FF}.debug|x64.Build.0 = debug|x64
		{28791DB1-2A10-32C3-A07F-F23E44AE94FF}.checked|x64.ActiveCfg = checked|x64
		{28791DB1-2A10-32C3-A07F-F23E44AE94FF}.checked|x64.Build.0 = checked|x64
		{28791DB1-2A10-32C3-A07F-F23E44AE94FF}.profile|x64.ActiveCfg = profile|x64
		{28791DB1-2A10-32C3-A07F-F23E44AE94FF}.profile|x64.Build.0 = profile|x64
		{28791DB1-2A10-32C3-A07F-F23E44AE94FF}.release|x64.ActiveCfg = release|x64
		{28791DB1-2A10-32C3-A07F-F23E44AE94FF}.release|x64.Build.0 = release|x64
		{F2338BF0-2633-377D-84B3-0E2138B64F9A}.debug|x64.ActiveCfg = debug|x64
		{F2338BF0-2633-377D-84B3-0E2138B64F9A}.debug|x64.Build.0 = debug|x64
		{F2338BF0-2633-377D-84B3-0E2138B64F9A}.checked|x64.ActiveCfg = checked|x64
		{F2338BF0-2633-377D-84B3-0E2138B64F9A}.checked|x64.Build.0 = checked|x64
		{F2338BF0-2633-377D-84B3-0E2138B64F9A}.profile|x64.ActiveCfg = profile|x64
		{F2338BF0-2633-377D-84B3-0E2138B64F9A}.profile|x64.Build.0 = profile|x64
		{F2338BF0-2633-377D-84B3-0E2138B64F9A}.release|x64.ActiveCfg = release|x64
		{F2338BF0-2633-377D-84B3-0E2138B64F9A}.release|x64.Build.0 = release|x64
		{9B849523-8BAA-3545-99E6-F682311B10A1}.debug|x64.ActiveCfg = debug|x64
		{9B849523-8BAA-3545-99E6-F682311B10A1}.debug|x64.Build.0 = debug|x64
		{9B849523-8BAA-3545-99E6-F682311B10A1}.checked|x64.ActiveCfg = checked|x64
		{9B849523-8BAA-3545-99E6-F682311B10A1}.checked|x64.Build.0 = checked|x64
		{9B849523-8BAA-3545-99E6-F682311B10A1}.profile|x64.ActiveCfg = profile|x64
		{9B849523-8BAA-3545-99E6-F682311B10A1}.profile|x64.Build.0 = profile|x64
		{9B849523-8BAA-3545-99E6-F682311B10A1}.release|x64.ActiveCfg = release|x64
		{9B849523-8BAA-3545-99E6-F682311B10A1}.release|x64.Build.0 = release|x64
		{8A26A98F-B8FD-31D5-94FB-0CFB08651307}.debug|x64.ActiveCfg = debug|x64
		{8A26A98F-B8FD-31D5-94FB-0CFB08651307}.debug|x64.Build.0 = debug|x64
		{8A26A98F-B8FD-31D5-94FB-0CFB08651307}.checked|x64.ActiveCfg = checked|x64
		{8A26A98F-B8FD-31D5-94FB-0CFB08651307}.checked|x64.Build.0 = checked|x64
		{8A26A98F-B8FD-31D5-94FB-0CFB08651307}.profile|x64.ActiveCfg = profile|x64
		{8A26A98F-B8FD-31D5-94FB-0CFB08651307}.profile|x64.Build.0 = profile|x64
		{8A26A98F-B8FD-31D5-94FB-0CFB08651307}.release|x64.ActiveCfg = release|x64
		{8A26A98F-B8FD-31D5-94FB-0CFB08651307}.release|x64.Build.0 = release|x64
		{B2AF3020-BD49-3685-890C-495D05FA437E}.debug|x64.ActiveCfg = debug|x64
		{B2AF3020-BD49-3685-890C-495D05FA437E}.debug|x64.Build.0 = debug|x64
		{B2AF3020-BD49-3685-890C-495D05FA437E}.checked|x64.ActiveCfg = checked|x64
		{B2AF3020-BD49-3685-890C-495D05FA437E}.checked|x64.Build.0 = checked|x64
		{B2AF3020-BD49-3685-890C-495D05FA437E}.profile|x64.ActiveCfg = profile|x64
		{B2AF3020-BD49-3685-890C-495D05FA437E}.profile|x64.Build.0 = profile|x64
		{B2AF3020-BD49-3685-890C-495D05FA437E}.release|x64.ActiveCfg = release|x64
		{B2AF3020-BD49-3685-890C-495D05FA437E}.release|x64.Build.0 = release|x64
		{C6552FCA-45A5-340C-86CF-75E4DB0A6781}.debug|x64.ActiveCfg = debug|x64
		{C6552FCA-45A5-340C-86CF-75E4DB0A6781}.debug|x64.Build.0 = debug|x64
		{C6552FCA-45A5-340C-86CF-75E4DB0A6781}.checked|x64.ActiveCfg = checked|x64
		{C6552FCA-45A5-340C-86CF-75E4DB0A6781}.checked|x64.Build.0 = checked|x64
		{C6552FCA-45A5-340C-86CF-75E4DB0A6781}.profile|x64.ActiveCfg = profile|x64
		{C6552FCA-45A5-340C-86CF-75E4DB0A6781}.profile|x64.Build.0 = profile|x64
		{C6552FCA-45A5-340C-86CF-75E4DB0A6781}.release|x64.ActiveCfg = release|x64
		{C6552FCA-45A5-340C-86CF-75E4DB0A6781}.release|x64.Build.0 = release|x64
		{05A48E5F-9D11-3AA4-A738-99AAAEFE0F8E}.debug|x64.ActiveCfg = debug|x64
		{05A48E5F-9D11-3AA4-A738-99AAAEFE0F8E}.debug|x64.Build.0 = debug|x64
		{05A48E5F-9D11-3AA4-A738-99AAAEFE0F8E}.checked|x64.ActiveCfg = checked|x64
		{05A48E5F-9D11-3AA4-A738-99AAAEFE0F8E}.checked|x64.Build.0 = checked|x64
		{05A48E5F-9D11-3AA4-A738-99AAAEFE0F8E}.profile|x64.ActiveCfg = profile|x64
		{05A48E5F-9D11-3AA4-A738-99AAAEFE0F8E}.profile|x64.Build.0 = profile|x64
		{05A48E5F-9D11-3AA4-A738-99AAAEFE0F8E}.release|x64.ActiveCfg = release|x64
		{05A48E5F-9D11-3AA4-A738-99AAAEFE0F8E}.release|x64.Build.0 = release|x64
		{8C47CCDA-8AF2-361B-BC62-40F03794FC68}.debug|x64.ActiveCfg = debug|x64
		{8C47CCDA-8AF2-361B-BC62-40F03794FC68}.debug|x64.Build.0 = debug|x64
		{8C47CCDA-8AF2-361B-BC62-40F03794FC68}.checked|x64.ActiveCfg = checked|x64
		{8C47CCDA-8AF2-361B-BC62-40F03794FC68}.checked|x64.Build.0 = checked|x64
		{8C47CCDA-8AF2-361B-BC62-40F03794FC68}.profile|x64.ActiveCfg = profile|x64
		{8C47CCDA-8AF2-361B-BC62-40F03794FC68}.profile|x64.Build.0 = profile|x64
		{8C47CCDA-8AF2-361B-BC62-40F03794FC68}.release|x64.ActiveCfg = release|x64
		{8C47CCDA-8AF2-361B-BC62-40F03794FC68}.release|x64.Build.0 = release|x64
		{AEEDD102-F5BE-374A-970E-5DD573407BA8}.debug|x64.ActiveCfg = debug|x64
		{AEEDD102-F5BE-374A-970E-5DD573407BA8}.debug|x64.Build.0 = debug|x64
		{AEEDD102-F5BE-374A-970E-5DD573407BA8}.checked|x64.ActiveCfg = checked|x64
		{AEEDD102-F5BE-374A-970E-5DD573407BA8}.checked|x64.Build.0 = checked|x64
		{AEEDD102-F5BE-374A-970E-5DD573407BA8}.profile|x64.ActiveCfg = profile|x64
		{AEEDD102-F5BE-374A-970E-5DD573407BA8}.profile|x64.Build.0 = profile|x64
		{AEEDD102-F5BE-374A-970E-5DD573407BA8}.release|x64.ActiveCfg = release|x64
		{AEEDD102-F5BE-374A-970E-5DD573407BA8}.release|x64.Build.0 = release|x64
		{3C722FAC-B160-31DB-A56E-4934132E5E41}.debug|x64.ActiveCfg = debug|x64
		{3C722FAC-B160-31DB-A56E-4934132E5E41}.debug|x64.Build.0 = debug|x64
		{3C722FAC-B160-31DB-A56E-4934132E5E41}.checked|x64.ActiveCfg = checked|x64
		{3C722FAC-B160-31DB-A56E-4934132E5E41}.checked|x64.Build.0 = checked|x64
		{3C722FAC-B160-31DB-A56E-4934132E5E41}.profile|x64.ActiveCfg = profile|x64
		{3C722FAC-B160-31DB-A56E-4934132E5E41}.profile|x64.Build.0 = profile|x64
		{3C722FAC-B160-31DB-A56E-4934132E5E41}.release|x64.ActiveCfg = release|x64
		{3C722FAC-B160-31DB-A56E-4934132E5E41}.release|x64.Build.0 = release|x64
		{596AD24B-F27A-3453-9BB4-396159E2C777}.debug|x64.ActiveCfg = debug|x64
		{596AD24B-F27A-3453-9BB4-396159E2C777}.debug|x64.Build.0 = debug|x64
		{596AD24B-F27A-3453-9BB4-396159E2C777}.checked|x64.ActiveCfg = checked|x64
		{596AD24B-F27A-3453-9BB4-396159E2C777}.checked|x64.Build.0 = checked|x64
		{596AD24B-F27A-3453-9BB4-396159E2C777}.profile|x64.ActiveCfg = profile|x64
		{596AD24B-F27A-3453-9BB4-396159E2C777}.profile|x64.Build.0 = profile|x64
		{596AD24B-F27A-3453-9BB4-396159E2C777}.release|x64.ActiveCfg = release|x64
		{596AD24B-F27A-3453-9BB4-396159E2C777}.release|x64.Build.0 = release|x64
		{68BEA3FF-A79F-307B-BDA0-D24C89C044CA}.debug|x64.ActiveCfg = debug|x64
		{68BEA3FF-A79F-307B-BDA0-D24C89C044CA}.debug|x64.Build.0 = debug|x64
		{68BEA3FF-A79F-307B-BDA0-D24C89C044CA}.checked|x64.ActiveCfg = checked|x64
		{68BEA3FF-A79F-307B-BDA0-D24C89C044CA}.checked|x64.Build.0 = checked|x64
		{68BEA3FF-A79F-307B-BDA0-D24C89C044CA}.profile|x64.ActiveCfg = profile|x64
		{68BEA3FF-A79F-307B-BDA0-D24C89C044CA}.profile|x64.Build.0 = profile|x64
		{68BEA3FF-A79F-307B-BDA0-D24C89C044CA}.release|x64.ActiveCfg = release|x64
		{68BEA3FF-A79F-307B-BDA0-D24C89C044CA}.release|x64.Build.0 = release|x64
		{BD62962A-694B-3BFD-A75F-F30143EAA1AA}.debug|x64.ActiveCfg = debug|x64
		{BD62962A-694B-3BFD-A75F-F30143EAA1AA}.debug|x64.Build.0 = debug|x64
		{BD62962A-694B-3BFD-A75F-F30143EAA1AA}.checked|x64.ActiveCfg = checked|x64
		{BD62962A-694B-3BFD-A75F-F30143EAA1AA}.checked|x64.Build.0 = checked|x64
		{BD62962A-694B-3BFD-A75F-F30143EAA1AA}.profile|x64.ActiveCfg = profile|x64
		{BD62962A-694B-3BFD-A75F-F30143EAA1AA}.profile|x64.Build.0 = profile|x64
		{BD62962A-694B-3BFD-A75F-F30143EAA1AA}.release|x64.ActiveCfg = release|x64
		{BD62962A-694B-3BFD-A75F-F30143EAA1AA}.release|x64.Build.0 = release|x64
		{DCDCA843-B2B6-34EA-B4DE-C4000585DB87}.debug|x64.ActiveCfg = debug|x64
		{DCDCA843-B2B6-34EA-B4DE-C4000585DB87}.debug|x64.Build.0 = debug|x64
		{DCDCA843-B2B6-34EA-B4DE-C4000585DB87}.checked|x64.ActiveCfg = checked|x64
		{DCDCA843-B2B6-34EA-B4DE-C4000585DB87}.checked|x64.Build.0 = checked|x64
		{DCDCA843-B2B6-34EA-B4DE-C4000585DB87}.profile|x64.ActiveCfg = profile|x64
		{DCDCA843-B2B6-34EA-B4DE-C4000585DB87}.profile|x64.Build.0 = profile|x64
		{DCDCA843-B2B6-34EA-B4DE-C4000585DB87}.release|x64.ActiveCfg = release|x64
		{DCDCA843-B2B6-34EA-B4DE-C4000585DB87}.release|x64.Build.0 = release|x64
		{7D2A2EE8-B04C-3C51-870E-4F37B0FD7795}.debug|x64.ActiveCfg = debug|x64
		{7D2A2EE8-B04C-3C51-870E-4F37B0FD7795}.debug|x64.Build.0 = debug|x64
		{7D2A2EE8-B04C-3C51-870E-4F37B0FD7795}.checked|x64.ActiveCfg = checked|x64
		{7D2A2EE8-B04C-3C51-870E-4F37B0FD7795}.checked|x64.Build.0 = checked|x64
		{7D2A2EE8-B04C-3C51-870E-4F37B0FD7795}.profile|x64.ActiveCfg = profile|x64
		{7D2A2EE8-B04C-3C51-870E-4F37B0FD7795}.profile|x64.Build.0 = profile|x64
		{7D2A2EE8-B04C-3C51-870E-4F37B0FD7795}.release|x64.ActiveCfg = release|x64
		{7D2A2EE8-B04C-3C51-870E-4F37B0FD7795}.release|x64.Build.0 = release|x64
		{50438368-5192-3AAD-A5F8-1623157838CF}.debug|x64.ActiveCfg = debug|x64
		{50438368-5192-3AAD-A5F8-1623157838CF}.debug|x64.Build.0 = debug|x64
		{50438368-5192-3AAD-A5F8-1623157838CF}.checked|x64.ActiveCfg = checked|x64
		{50438368-5192-3AAD-A5F8-1623157838CF}.checked|x64.Build.0 = checked|x64
		{50438368-5192-3AAD-A5F8-1623157838CF}.profile|x64.ActiveCfg = profile|x64
		{50438368-5192-3AAD-A5F8-1623157838CF}.profile|x64.Build.0 = profile|x64
		{50438368-5192-3AAD-A5F8-1623157838CF}.release|x64.ActiveCfg = release|x64
		{50438368-5192-3AAD-A5F8-1623157838CF}.release|x64.Build.0 = release|x64
		{DA4F59C4-9CA1-3D96-BF6C-A08B830DE467}.debug|x64.ActiveCfg = debug|x64
		{DA4F59C4-9CA1-3D96-BF6C-A08B830DE467}.debug|x64.Build.0 = debug|x64
		{DA4F59C4-9CA1-3D96-BF6C-A08B830DE467}.checked|x64.ActiveCfg = checked|x64
		{DA4F59C4-9CA1-3D96-BF6C-A08B830DE467}.checked|x64.Build.0 = checked|x64
		{DA4F59C4-9CA1-3D96-BF6C-A08B830DE467}.profile|x64.ActiveCfg = profile|x64
		{DA4F59C4-9CA1-3D96-BF6C-A08B830DE467}.profile|x64.Build.0 = profile|x64
		{DA4F59C4-9CA1-3D96-BF6C-A08B830DE467}.release|x64.ActiveCfg = release|x64
		{DA4F59C4-9CA1-3D96-BF6C-A08B830DE467}.release|x64.Build.0 = release|x64
		{31B964F7-E554-3D49-9F76-8D15BD046BC2}.debug|x64.ActiveCfg = debug|x64
		{31B964F7-E554-3D49-9F76-8D15BD046BC2}.debug|x64.Build.0 = debug|x64
		{31B964F7-E554-3D49-9F76-8D15BD046BC2}.checked|x64.ActiveCfg = checked|x64
		{31B964F7-E554-3D49-9F76-8D15BD046BC2}.checked|x64.Build.0 = checked|x64
		{31B964F7-E554-3D49-9F76-8D15BD046BC2}.profile|x64.ActiveCfg = profile|x64
		{31B964F7-E554-3D49-9F76-8D15BD046BC2}.profile|x64.Build.0 = profile|x64
		{31B964F7-E554-3D49-9F76-8D15BD046BC2}.release|x64.ActiveCfg = release|x64
		{31B964F7-E554-3D49-9F76-8D15BD046BC2}.release|x64.Build.0 = release|x64
		{A9453722-C341-3BC9-9CBD-83E970CB7711}.debug|x64.ActiveCfg = debug|x64
		{A9453722-C341-3BC9-9CBD-83E970CB7711}.debug|x64.Build.0 = debug|x64
		{A9453722-C341-3BC9-9CBD-83E970CB7711}.checked|x64.ActiveCfg = checked|x64
		{A9453722-C341-3BC9-9CBD-83E970CB7711}.checked|x64.Build.0 = checked|x64
		{A9453722-C341-3BC9-9CBD-83E970CB7711}.profile|x64.ActiveCfg = profile|x64
		{A9453722-C341-3BC9-9CBD-83E970CB7711}.profile|x64.Build.0 = profile|x64
		{A9453722-C341-3BC9-9CBD-83E970CB7711}.release|x64.ActiveCfg = release|x64
		{A9453722-C341-3BC9-9CBD-83E970CB7711}.release|x64.Build.0 = release|x64
		{02C16C25-833D-350A-8A0C-FAF2475BB4D2}.debug|x64.ActiveCfg = debug|x64
		{02C16C25-833D-350A-8A0C-FAF2475BB4D2}.debug|x64.Build.0 = debug|x64
		{02C16C25-833D-350A-8A0C-FAF2475BB4D2}.checked|x64.ActiveCfg = checked|x64
		{02C16C25-833D-350A-8A0C-FAF2475BB4D2}.checked|x64.Build.0 = checked|x64
		{02C16C25-833D-350A-8A0C-FAF2475BB4D2}.profile|x64.ActiveCfg = profile|x64
		{02C16C25-833D-350A-8A0C-FAF2475BB4D2}.profile|x64.Build.0 = profile|x64
		{02C16C25-833D-350A-8A0C-FAF2475BB4D2}.release|x64.ActiveCfg = release|x64
		{02C16C25-833D-350A-8A0C-FAF2475BB4D2}.release|x64.Build.0 = release|x64
		{AF7DCCAB-9CC1-3029-93F0-B88149A98EA1}.debug|x64.ActiveCfg = debug|x64
		{AF7DCCAB-9CC1-3029-93F0-B88149A98EA1}.debug|x64.Build.0 = debug|x64
		{AF7DCCAB-9CC1-3029-93F0-B88149A98EA1}.checked|x64.ActiveCfg = checked|x64
		{AF7DCCAB-9CC1-3029-93F0-B88149A98EA1}.checked|x64.Build.0 = checked|x64
		{AF7DCCAB-9CC1-3029-93F0-B88149A98EA1}.profile|x64.ActiveCfg = profile|x64
		{AF7DCCAB-9CC1-3029-93F0-B88149A98EA1}.profile|x64.Build.0 = profile|x64
		{AF7DCCAB-9CC1-3029-93F0-B88149A98EA1}.release|x64.ActiveCfg = release|x64
		{AF7DCCAB-9CC1-3029-93F0-B88149A98EA1}.release|x64.Build.0 = release|x64
		{3701FFB9-86FE-376D-952E-D6170BFF0675}.debug|x64.ActiveCfg = debug|x64
		{3701FFB9-86FE-376D-952E-D6170BFF0675}.debug|x64.Build.0 = debug|x64
		{3701FFB9-86FE-376D-952E-D6170BFF0675}.checked|x64.ActiveCfg = checked|x64
		{3701FFB9-86FE-376D-952E-D6170BFF0675}.checked|x64.Build.0 = checked|x64
		{3701FFB9-86FE-376D-952E-D6170BFF0675}.profile|x64.ActiveCfg = profile|x64
		{3701FFB9-86FE-376D-952E-D6170BFF0675}.profile|x64.Build.0 = profile|x64
		{3701FFB9-86FE-376D-952E-D6170BFF0675}.release|x64.ActiveCfg = release|x64
		{3701FFB9-86FE-376D-952E-D6170BFF0675}.release|x64.Build.0 = release|x64
		{6A02FBD8-49EB-30EE-ADEB-F37BBF90F6E5}.debug|x64.ActiveCfg = debug|x64
		{6A02FBD8-49EB-30EE-ADEB-F37BBF90F6E5}.debug|x64.Build.0 = debug|x64
		{6A02FBD8-49EB-30EE-ADEB-F37BBF90F6E5}.checked|x64.ActiveCfg = checked|x64
		{6A02FBD8-49EB-30EE-ADEB-F37BBF90F6E5}.checked|x64.Build.0 = checked|x64
		{6A02FBD8-49EB-30EE-ADEB-F37BBF90F6E5}.profile|x64.ActiveCfg = profile|x64
		{6A02FBD8-49EB-30EE-ADEB-F37BBF90F6E5}.profile|x64.Build.0 = profile|x64
		{6A02FBD8-49EB-30EE-ADEB-F37BBF90F6E5}.release|x64.ActiveCfg = release|x64
		{6A02FBD8-49EB-30EE-ADEB-F37BBF90F6E5}.release|x64.Build.0 = release|x64
		{DAADE0B8-8411-373E-8EB8-E6C1CF9AC2E4}.debug|x64.ActiveCfg = debug|x64
		{DAADE0B8-8411-373E-8EB8-E6C1CF9AC2E4}.debug|x64.Build.0 = debug|x64
		{DAADE0B8-8411-373E-8EB8-E6C1CF9AC2E4}.checked|x64.ActiveCfg = checked|x64
		{DAADE0B8-8411-373E-8EB8-E6C1CF9AC2E4}.checked|x64.Build.0 = checked|x64
		{DAADE0B8-8411-373E-8EB8-E6C1CF9AC2E4}.profile|x64.ActiveCfg = profile|x64
		{DAADE0B8-8411-373E-8EB8-E6C1CF9AC2E4}.profile|x64.Build.0 = profile|x64
		{DAADE0B8-8411-373E-8EB8-E6C1CF9AC2E4}.release|x64.ActiveCfg = release|x64
		{DAADE0B8-8411-373E-8EB8-E6C1CF9AC2E4}.release|x64.Build.0 = release|x64
		{B2474C6E-8FFE-3FC4-9C7E-0E4169654455}.debug|x64.ActiveCfg = debug|x64
		{B2474C6E-8FFE-3FC4-9C7E-0E4169654455}.debug|x64.Build.0 = debug|x64
		{B2474C6E-8FFE-3FC4-9C7E-0E4169654455}.checked|x64.ActiveCfg = checked|x64
		{B2474C6E-8FFE-3FC4-9C7E-0E4169654455}.checked|x64.Build.0 = checked|x64
		{B2474C6E-8FFE-3FC4-9C7E-0E4169654455}.profile|x64.ActiveCfg = profile|x64
		{B2474C6E-8FFE-3FC4-9C7E-0E4169654455}.profile|x64.Build.0 = profile|x64
		{B2474C6E-8FFE-3FC4-9C7E-0E4169654455}.release|x64.ActiveCfg = release|x64
		{B2474C6E-8FFE-3FC4-9C7E-0E4169654455}.release|x64.Build.0 = release|x64
		{C4B9FF4A-9EE9-3110-A1D4-1C9122297B53}.debug|x64.ActiveCfg = debug|x64
		{C4B9FF4A-9EE9-3110-A1D4-1C9122297B53}.debug|x64.Build.0 = debug|x64
		{C4B9FF4A-9EE9-3110-A1D4-1C9122297B53}.checked|x64.ActiveCfg = checked|x64
		{C4B9FF4A-9EE9-3110-A1D4-1C9122297B53}.checked|x64.Build.0 = checked|x64
		{C4B9FF4A-9EE9-3110-A1D4-1C9122297B53}.profile|x64.ActiveCfg = profile|x64
		{C4B9FF4A-9EE9-3110-A1D4-1C9122297B53}.profile|x64.Build.0 = profile|x64
		{C4B9FF4A-9EE9-3110-A1D4-1C9122297B53}.release|x64.ActiveCfg = release|x64
		{C4B9FF4A-9EE9-3110-A1D4-1C9122297B53}.release|x64.Build.0 = release|x64
		{3BF656FE-B9B1-396F-88CA-2286C6357827}.debug|x64.ActiveCfg = debug|x64
		{3BF656FE-B9B1-396F-88CA-2286C6357827}.debug|x64.Build.0 = debug|x64
		{3BF656FE-B9B1-396F-88CA-2286C6357827}.checked|x64.ActiveCfg = checked|x64
		{3BF656FE-B9B1-396F-88CA-2286C6357827}.checked|x64.Build.0 = checked|x64
		{3BF656FE-B9B1-396F-88CA-2286C6357827}.profile|x64.ActiveCfg = profile|x64
		{3BF656FE-B9B1-396F-88CA-2286C6357827}.profile|x64.Build.0 = profile|x64
		{3BF656FE-B9B1-396F-88CA-2286C6357827}.release|x64.ActiveCfg = release|x64
		{3BF656FE-B9B1-396F-88CA-2286C6357827}.release|x64.Build.0 = release|x64
		{3EC05C9A-91B5-3622-9AFD-B9E3E7267AD8}.debug|x64.ActiveCfg = debug|x64
		{3EC05C9A-91B5-3622-9AFD-B9E3E7267AD8}.debug|x64.Build.0 = debug|x64
		{3EC05C9A-91B5-3622-9AFD-B9E3E7267AD8}.checked|x64.ActiveCfg = checked|x64
		{3EC05C9A-91B5-3622-9AFD-B9E3E7267AD8}.checked|x64.Build.0 = checked|x64
		{3EC05C9A-91B5-3622-9AFD-B9E3E7267AD8}.profile|x64.ActiveCfg = profile|x64
		{3EC05C9A-91B5-3622-9AFD-B9E3E7267AD8}.profile|x64.Build.0 = profile|x64
		{3EC05C9A-91B5-3622-9AFD-B9E3E7267AD8}.release|x64.ActiveCfg = release|x64
		{3EC05C9A-91B5-3622-9AFD-B9E3E7267AD8}.release|x64.Build.0 = release|x64
		{FF1AEB04-A440-318B-A334-B39BEAB70066}.debug|x64.ActiveCfg = debug|x64
		{FF1AEB04-A440-318B-A334-B39BEAB70066}.debug|x64.Build.0 = debug|x64
		{FF1AEB04-A440-318B-A334-B39BEAB70066}.checked|x64.ActiveCfg = checked|x64
		{FF1AEB04-A440-318B-A334-B39BEAB70066}.checked|x64.Build.0 = checked|x64
		{FF1AEB04-A440-318B-A334-B39BEAB70066}.profile|x64.ActiveCfg = profile|x64
		{FF1AEB04-A440-318B-A334-B39BEAB70066}.profile|x64.Build.0 = profile|x64
		{FF1AEB04-A440-318B-A334-B39BEAB70066}.release|x64.ActiveCfg = release|x64
		{FF1AEB04-A440-318B-A334-B39BEAB70066}.release|x64.Build.0 = release|x64
		{5ED5D6FF-8637-3391-9FB5-63B916195972}.debug|x64.ActiveCfg = debug|x64
		{5ED5D6FF-8637-3391-9FB5-63B916195972}.debug|x64.Build.0 = debug|x64
		{5ED5D6FF-8637-3391-9FB5-63B916195972}.checked|x64.ActiveCfg = checked|x64
		{5ED5D6FF-8637-3391-9FB5-63B916195972}.checked|x64.Build.0 = checked|x64
		{5ED5D6FF-8637-3391-9FB5-63B916195972}.profile|x64.ActiveCfg = profile|x64
		{5ED5D6FF-8637-3391-9FB5-63B916195972}.profile|x64.Build.0 = profile|x64
		{5ED5D6FF-8637-3391-9FB5-63B916195972}.release|x64.ActiveCfg = release|x64
		{5ED5D6FF-8637-3391-9FB5-63B916195972}.release|x64.Build.0 = release|x64
		{0C360622-DC1A-34D1-A608-B94455F0C410}.debug|x64.ActiveCfg = debug|x64
		{0C360622-DC1A-34D1-A608-B94455F0C410}.debug|x64.Build.0 = debug|x64
		{0C360622-DC1A-34D1-A608-B94455F0C410}.checked|x64.ActiveCfg = checked|x64
		{0C360622-DC1A-34D1-A608-B94455F0C410}.checked|x64.Build.0 = checked|x64
		{0C360622-DC1A-34D1-A608-B94455F0C410}.profile|x64.ActiveCfg = profile|x64
		{0C360622-DC1A-34D1-A608-B94455F0C410}.profile|x64.Build.0 = profile|x64
		{0C360622-DC1A-34D1-A608-B94455F0C410}.release|x64.ActiveCfg = release|x64
		{0C360622-DC1A-34D1-A608-B94455F0C410}.release|x64.Build.0 = release|x64
		{44711C2B-EE9B-3B04-B78C-CF9EEE237A8C}.debug|x64.ActiveCfg = debug|x64
		{44711C2B-EE9B-3B04-B78C-CF9EEE237A8C}.debug|x64.Build.0 = debug|x64
		{44711C2B-EE9B-3B04-B78C-CF9EEE237A8C}.checked|x64.ActiveCfg = checked|x64
		{44711C2B-EE9B-3B04-B78C-CF9EEE237A8C}.checked|x64.Build.0 = checked|x64
		{44711C2B-EE9B-3B04-B78C-CF9EEE237A8C}.profile|x64.ActiveCfg = profile|x64
		{44711C2B-EE9B-3B04-B78C-CF9EEE237A8C}.profile|x64.Build.0 = profile|x64
		{44711C2B-EE9B-3B04-B78C-CF9EEE237A8C}.release|x64.ActiveCfg = release|x64
		{44711C2B-EE9B-3B04-B78C-CF9EEE237A8C}.release|x64.Build.0 = release|x64
		{F92B29C1-43A9-3AC2-8748-E8C7140BB1E9}.debug|x64.ActiveCfg = debug|x64
		{F92B29C1-43A9-3AC2-8748-E8C7140BB1E9}.debug|x64.Build.0 = debug|x64
		{F92B29C1-43A9-3AC2-8748-E8C7140BB1E9}.checked|x64.ActiveCfg = checked|x64
		{F92B29C1-43A9-3AC2-8748-E8C7140BB1E9}.checked|x64.Build.0 = checked|x64
		{F92B29C1-43A9-3AC2-8748-E8C7140BB1E9}.profile|x64.ActiveCfg = profile|x64
		{F92B29C1-43A9-3AC2-8748-E8C7140BB1E9}.profile|x64.Build.0 = profile|x64
		{F92B29C1-43A9-3AC2-8748-E8C7140BB1E9}.release|x64.ActiveCfg = release|x64
		{F92B29C1-43A9-3AC2-8748-E8C7140BB1E9}.release|x64.Build.0 = release|x64
		{6A63900C-2C97-39E8-B209-FE2177915933}.debug|x64.ActiveCfg = debug|x64
		{6A63900C-2C97-39E8-B209-FE2177915933}.debug|x64.Build.0 = debug|x64
		{6A63900C-2C97-39E8-B209-FE2177915933}.checked|x64.ActiveCfg = checked|x64
		{6A63900C-2C97-39E8-B209-FE2177915933}.checked|x64.Build.0 = checked|x64
		{6A63900C-2C97-39E8-B209-FE2177915933}.profile|x64.ActiveCfg = profile|x64
		{6A63900C-2C97-39E8-B209-FE2177915933}.profile|x64.Build.0 = profile|x64
		{6A63900C-2C97-39E8-B209-FE2177915933}.release|x64.ActiveCfg = release|x64
		{6A63900C-2C97-39E8-B209-FE2177915933}.release|x64.Build.0 = release|x64
		{4B903F6A-D20E-3C83-814B-66710B9DCD7F}.debug|x64.ActiveCfg = debug|x64
		{4B903F6A-D20E-3C83-814B-66710B9DCD7F}.debug|x64.Build.0 = debug|x64
		{4B903F6A-D20E-3C83-814B-66710B9DCD7F}.checked|x64.ActiveCfg = checked|x64
		{4B903F6A-D20E-3C83-814B-66710B9DCD7F}.checked|x64.Build.0 = checked|x64
		{4B903F6A-D20E-3C83-814B-66710B9DCD7F}.profile|x64.ActiveCfg = profile|x64
		{4B903F6A-D20E-3C83-814B-66710B9DCD7F}.profile|x64.Build.0 = profile|x64
		{4B903F6A-D20E-3C83-814B-66710B9DCD7F}.release|x64.ActiveCfg = release|x64
		{4B903F6A-D20E-3C83-814B-66710B9DCD7F}.release|x64.Build.0 = release|x64
		{A84EB34C-5311-3B38-A757-F1BEE64D8A17}.debug|x64.ActiveCfg = debug|x64
		{A84EB34C-5311-3B38-A757-F1BEE64D8A17}.debug|x64.Build.0 = debug|x64
		{A84EB34C-5311-3B38-A757-F1BEE64D8A17}.checked|x64.ActiveCfg = checked|x64
		{A84EB34C-5311-3B38-A757-F1BEE64D8A17}.checked|x64.Build.0 = checked|x64
		{A84EB34C-5311-3B38-A757-F1BEE64D8A17}.profile|x64.ActiveCfg = profile|x64
		{A84EB34C-5311-3B38-A757-F1BEE64D8A17}.profile|x64.Build.0 = profile|x64
		{A84EB34C-5311-3B38-A757-F1BEE64D8A17}.release|x64.ActiveCfg = release|x64
		{A84EB34C-5311-3B38-A757-F1BEE64D8A17}.release|x64.Build.0 = release|x64
	EndGlobalSection
	GlobalSection(NestedProjects) = preSolution
		{EAC888F4-2643-308B-BB69-4331FA6FDFC6} = {5F1B4AE8-F7BB-3B61-954D-CA9EFB2B41C9}
		{F89A9281-28C2-3409-A4F9-5B82E8C96863} = {5F1B4AE8-F7BB-3B61-954D-CA9EFB2B41C9}
		{A84EB34C-5311-3B38-A757-F1BEE64D8A17} = {5F1B4AE8-F7BB-3B61-954D-CA9EFB2B41C9}
		{B3307CF2-B838-3FD2-AEF4-EDFEAD437BDD} = {72208B6B-31FA-3D3C-90DF-4490AFCF33F5}
		{CD7CDA36-F4C1-3CD2-8D8A-8967F22D7A7C} = {72208B6B-31FA-3D3C-90DF-4490AFCF33F5}
		{3D27752A-1739-3378-8B37-7A31F1DA68D3} = {72208B6B-31FA-3D3C-90DF-4490AFCF33F5}
		{30149D23-6771-3E0E-8A18-8440ACE4DEF3} = {72208B6B-31FA-3D3C-90DF-4490AFCF33F5}
		{952222D0-935B-3B06-A4E6-8B5D5A0FE69F} = {72208B6B-31FA-3D3C-90DF-4490AFCF33F5}
		{F86EEC66-5E77-31AA-8206-E66A468D908A} = {72208B6B-31FA-3D3C-90DF-4490AFCF33F5}
		{4CEEC93C-74E5-330A-99A9-38A7C485AF34} = {72208B6B-31FA-3D3C-90DF-4490AFCF33F5}
		{7B4FAEAB-280D-3181-B868-EA50436D338E} = {72208B6B-31FA-3D3C-90DF-4490AFCF33F5}
		{E24D82A1-1D0E-370A-BE2D-464B87D57E9B} = {72208B6B-31FA-3D3C-90DF-4490AFCF33F5}
		{426E1F85-29F6-3BEC-B82F-8C99F70D8E69} = {72208B6B-31FA-3D3C-90DF-4490AFCF33F5}
		{BC525BA2-953B-338B-AD0C-833B87CE0EA5} = {72208B6B-31FA-3D3C-90DF-4490AFCF33F5}
		{B86B79E3-33F9-39F9-9CA6-B7E7302399F9} = {72208B6B-31FA-3D3C-90DF-4490AFCF33F5}
		{5CE3D047-6CE8-3A93-B4D0-69D28BD7DE0B} = {72208B6B-31FA-3D3C-90DF-4490AFCF33F5}
		{34FB0F6E-6BC5-333E-8EFC-89F61D07998D} = {72208B6B-31FA-3D3C-90DF-4490AFCF33F5}
		{EE47B57C-6B2B-377A-ACED-2B04F65B6981} = {72208B6B-31FA-3D3C-90DF-4490AFCF33F5}
		{ADAC77EF-2064-34A6-9D77-3F9203D35A7E} = {B321517E-713F-31CE-B30F-0DCC3BB30738}
		{C55B9DBC-4CCA-3CCE-BBD5-429C65FD3646} = {B321517E-713F-31CE-B30F-0DCC3BB30738}
		{6446E8C5-5199-301C-A72C-BDB8AB351038} = {B321517E-713F-31CE-B30F-0DCC3BB30738}
		{28791DB1-2A10-32C3-A07F-F23E44AE94FF} = {B321517E-713F-31CE-B30F-0DCC3BB30738}
		{F2338BF0-2633-377D-84B3-0E2138B64F9A} = {B321517E-713F-31CE-B30F-0DCC3BB30738}
		{9B849523-8BAA-3545-99E6-F682311B10A1} = {B321517E-713F-31CE-B30F-0DCC3BB30738}
		{8A26A98F-B8FD-31D5-94FB-0CFB08651307} = {B321517E-713F-31CE-B30F-0DCC3BB30738}
		{B2AF3020-BD49-3685-890C-495D05FA437E} = {B321517E-713F-31CE-B30F-0DCC3BB30738}
		{C6552FCA-45A5-340C-86CF-75E4DB0A6781} = {B321517E-713F-31CE-B30F-0DCC3BB30738}
		{05A48E5F-9D11-3AA4-A738-99AAAEFE0F8E} = {B321517E-713F-31CE-B30F-0DCC3BB30738}
		{8C47CCDA-8AF2-361B-BC62-40F03794FC68} = {B321517E-713F-31CE-B30F-0DCC3BB30738}
		{AEEDD102-F5BE-374A-970E-5DD573407BA8} = {B321517E-713F-31CE-B30F-0DCC3BB30738}
		{3C722FAC-B160-31DB-A56E-4934132E5E41} = {B321517E-713F-31CE-B30F-0DCC3BB30738}
		{596AD24B-F27A-3453-9BB4-396159E2C777} = {B321517E-713F-31CE-B30F-0DCC3BB30738}
		{68BEA3FF-A79F-307B-BDA0-D24C89C044CA} = {B321517E-713F-31CE-B30F-0DCC3BB30738}
		{BD62962A-694B-3BFD-A75F-F30143EAA1AA} = {B321517E-713F-31CE-B30F-0DCC3BB30738}
		{DCDCA843-B2B6-34EA-B4DE-C4000585DB87} = {B321517E-713F-31CE-B30F-0DCC3BB30738}
		{7D2A2EE8-B04C-3C51-870E-4F37B0FD7795} = {B321517E-713F-31CE-B30F-0DCC3BB30738}
		{50438368-5192-3AAD-A5F8-1623157838CF} = {B321517E-713F-31CE-B30F-0DCC3BB30738}
		{DA4F59C4-9CA1-3D96-BF6C-A08B830DE467} = {B321517E-713F-31CE-B30F-0DCC3BB30738}
		{31B964F7-E554-3D49-9F76-8D15BD046BC2} = {B321517E-713F-31CE-B30F-0DCC3BB30738}
		{A9453722-C341-3BC9-9CBD-83E970CB7711} = {B321517E-713F-31CE-B30F-0DCC3BB30738}
		{02C16C25-833D-350A-8A0C-FAF2475BB4D2} = {B321517E-713F-31CE-B30F-0DCC3BB30738}
		{3701FFB9-86FE-376D-952E-D6170BFF0675} = {B321517E-713F-31CE-B30F-0DCC3BB30738}
		{6A02FBD8-49EB-30EE-ADEB-F37BBF90F6E5} = {B321517E-713F-31CE-B30F-0DCC3BB30738}
		{DAADE0B8-8411-373E-8EB8-E6C1CF9AC2E4} = {B321517E-713F-31CE-B30F-0DCC3BB30738}
		{B2474C6E-8FFE-3FC4-9C7E-0E4169654455} = {B321517E-713F-31CE-B30F-0DCC3BB30738}
		{C4B9FF4A-9EE9-3110-A1D4-1C9122297B53} = {B321517E-713F-31CE-B30F-0DCC3BB30738}
		{3BF656FE-B9B1-396F-88CA-2286C6357827} = {B321517E-713F-31CE-B30F-0DCC3BB30738}
		{3EC05C9A-91B5-3622-9AFD-B9E3E7267AD8} = {B321517E-713F-31CE-B30F-0DCC3BB30738}
		{5ED5D6FF-8637-3391-9FB5-63B916195972} = {B321517E-713F-31CE-B30F-0DCC3BB30738}
		{0C360622-DC1A-34D1-A608-B94455F0C410} = {B321517E-713F-31CE-B30F-0DCC3BB30738}
		{44711C2B-EE9B-3B04-B78C-CF9EEE237A8C} = {B321517E-713F-31CE-B30F-0DCC3BB30738}
		{F92B29C1-43A9-3AC2-8748-E8C7140BB1E9} = {B321517E-713F-31CE-B30F-0DCC3BB30738}
		{6A63900C-2C97-39E8-B209-FE2177915933} = {B321517E-713F-31CE-B30F-0DCC3BB30738}
		{4B903F6A-D20E-3C83-814B-66710B9DCD7F} = {B321517E-713F-31CE-B30F-0DCC3BB30738}
		{AF7DCCAB-9CC1-3029-93F0-B88149A98EA1} = {ADAC77EF-2064-34A6-9D77-3F9203D35A7E}
		{FF1AEB04-A440-318B-A334-B39BEAB70066} = {ADAC77EF-2064-34A6-9D77-3F9203D35A7E}
	EndGlobalSection
	GlobalSection(ExtensibilityGlobals) = postSolution
		SolutionGuid = {99DC883C-EFEA-3C96-9FEB-0A92C717FA2E}
	EndGlobalSection
	GlobalSection(ExtensibilityAddIns) = postSolution
	EndGlobalSection
EndGlobal
